// !$*UTF8*$!
{
	archiveVersion = 1;
	classes = {
	};
	objectVersion = 56;
	objects = {

/* Begin PBXBuildFile section */
		4652726E15D1EC07CC58D63A /* Pods_toDoList__2023_toDoList__2023UITests.framework in Frameworks */ = {isa = PBXBuildFile; fileRef = 864F56BCC1FAB3943EB3EF44 /* Pods_toDoList__2023_toDoList__2023UITests.framework */; };
		5A3374233087B0ABA5F49489 /* Pods_toDoList__2023Tests.framework in Frameworks */ = {isa = PBXBuildFile; fileRef = 817E435DEA9C2EE025D05DD9 /* Pods_toDoList__2023Tests.framework */; };
		CA19BA3A2A4DBE1A0092469A /* CustomTableView.swift in Sources */ = {isa = PBXBuildFile; fileRef = CA19BA392A4DBE1A0092469A /* CustomTableView.swift */; };
		CA19BA412A4E41D80092469A /* CocoaLumberjackSwift in Frameworks */ = {isa = PBXBuildFile; productRef = CA19BA402A4E41D80092469A /* CocoaLumberjackSwift */; };
		CA19BA452A4ED5B40092469A /* TransitioninDelegate.swift in Sources */ = {isa = PBXBuildFile; fileRef = CA19BA442A4ED5B40092469A /* TransitioninDelegate.swift */; };
		CA19BA472A4ED8E00092469A /* TransitionAnimation.swift in Sources */ = {isa = PBXBuildFile; fileRef = CA19BA462A4ED8E00092469A /* TransitionAnimation.swift */; };
		CA4264372A385BB7000631EE /* FileCache.swift in Sources */ = {isa = PBXBuildFile; fileRef = CA4264362A385BB7000631EE /* FileCache.swift */; };
		CA5C29EB2A40EF4F0045FB2C /* FileCacheErrors.swift in Sources */ = {isa = PBXBuildFile; fileRef = CA5C29EA2A40EF4F0045FB2C /* FileCacheErrors.swift */; };
		CA5C29EE2A419E500045FB2C /* MainViewController.swift in Sources */ = {isa = PBXBuildFile; fileRef = CA5C29ED2A419E500045FB2C /* MainViewController.swift */; };
		CA680E882A34B02B00B478CA /* AppDelegate.swift in Sources */ = {isa = PBXBuildFile; fileRef = CA680E872A34B02B00B478CA /* AppDelegate.swift */; };
		CA680E8A2A34B02B00B478CA /* SceneDelegate.swift in Sources */ = {isa = PBXBuildFile; fileRef = CA680E892A34B02B00B478CA /* SceneDelegate.swift */; };
		CA680E8C2A34B02B00B478CA /* TodoItemViewController.swift in Sources */ = {isa = PBXBuildFile; fileRef = CA680E8B2A34B02B00B478CA /* TodoItemViewController.swift */; };
		CA680E8F2A34B02B00B478CA /* Main.storyboard in Resources */ = {isa = PBXBuildFile; fileRef = CA680E8D2A34B02B00B478CA /* Main.storyboard */; };
		CA680E912A34B02E00B478CA /* Assets.xcassets in Resources */ = {isa = PBXBuildFile; fileRef = CA680E902A34B02E00B478CA /* Assets.xcassets */; };
		CA680E942A34B02E00B478CA /* LaunchScreen.storyboard in Resources */ = {isa = PBXBuildFile; fileRef = CA680E922A34B02E00B478CA /* LaunchScreen.storyboard */; };
		CA680E9F2A34B02F00B478CA /* toDoList__2023Tests.swift in Sources */ = {isa = PBXBuildFile; fileRef = CA680E9E2A34B02F00B478CA /* toDoList__2023Tests.swift */; };
		CA680EA92A34B02F00B478CA /* toDoList__2023UITests.swift in Sources */ = {isa = PBXBuildFile; fileRef = CA680EA82A34B02F00B478CA /* toDoList__2023UITests.swift */; };
		CA680EAB2A34B02F00B478CA /* toDoList__2023UITestsLaunchTests.swift in Sources */ = {isa = PBXBuildFile; fileRef = CA680EAA2A34B02F00B478CA /* toDoList__2023UITestsLaunchTests.swift */; };
		CA680EB92A34B08600B478CA /* ToDoItem.swift in Sources */ = {isa = PBXBuildFile; fileRef = CA680EB82A34B08600B478CA /* ToDoItem.swift */; };
		CA6D39102A49D1D500B11DD9 /* MainView.swift in Sources */ = {isa = PBXBuildFile; fileRef = CA6D390F2A49D1D500B11DD9 /* MainView.swift */; };
		CA6D39122A49D21400B11DD9 /* CompleteBarView.swift in Sources */ = {isa = PBXBuildFile; fileRef = CA6D39112A49D21400B11DD9 /* CompleteBarView.swift */; };
		CA6D39142A4A1FE500B11DD9 /* ItemTableViewCell.swift in Sources */ = {isa = PBXBuildFile; fileRef = CA6D39132A4A1FE500B11DD9 /* ItemTableViewCell.swift */; };
		CA6D39162A4B0FF100B11DD9 /* UILabel.swift in Sources */ = {isa = PBXBuildFile; fileRef = CA6D39152A4B0FF100B11DD9 /* UILabel.swift */; };
		CACD94A22A4F75E000DAB123 /* Models in Frameworks */ = {isa = PBXBuildFile; productRef = CACD94A12A4F75E000DAB123 /* Models */; };
		CACD97F92A4232A100BB6D7E /* Notification.swift in Sources */ = {isa = PBXBuildFile; fileRef = CACD97F82A4232A100BB6D7E /* Notification.swift */; };
		CACD97FD2A4318B500BB6D7E /* Colors.xcassets in Resources */ = {isa = PBXBuildFile; fileRef = CACD97FC2A4318B500BB6D7E /* Colors.xcassets */; };
		CACD97FF2A4482A600BB6D7E /* ColorPalletView.swift in Sources */ = {isa = PBXBuildFile; fileRef = CACD97FE2A4482A600BB6D7E /* ColorPalletView.swift */; };
		CACD98012A44842500BB6D7E /* CustomColorPickerViewController.swift in Sources */ = {isa = PBXBuildFile; fileRef = CACD98002A44842500BB6D7E /* CustomColorPickerViewController.swift */; };
		CACD98032A44FAA400BB6D7E /* UIColor.swift in Sources */ = {isa = PBXBuildFile; fileRef = CACD98022A44FAA400BB6D7E /* UIColor.swift */; };
		E8209C964C429636DA3D25D1 /* Pods_toDoList__2023.framework in Frameworks */ = {isa = PBXBuildFile; fileRef = FCD321EE663BFA5FDECAA553 /* Pods_toDoList__2023.framework */; };
/* End PBXBuildFile section */

/* Begin PBXContainerItemProxy section */
		CA680E9B2A34B02F00B478CA /* PBXContainerItemProxy */ = {
			isa = PBXContainerItemProxy;
			containerPortal = CA680E7C2A34B02B00B478CA /* Project object */;
			proxyType = 1;
			remoteGlobalIDString = CA680E832A34B02B00B478CA;
			remoteInfo = "toDoList--2023";
		};
		CA680EA52A34B02F00B478CA /* PBXContainerItemProxy */ = {
			isa = PBXContainerItemProxy;
			containerPortal = CA680E7C2A34B02B00B478CA /* Project object */;
			proxyType = 1;
			remoteGlobalIDString = CA680E832A34B02B00B478CA;
			remoteInfo = "toDoList--2023";
		};
/* End PBXContainerItemProxy section */

/* Begin PBXFileReference section */
		10CBBDF48958A728DB42DA63 /* Pods-toDoList--2023-toDoList--2023UITests.debug.xcconfig */ = {isa = PBXFileReference; includeInIndex = 1; lastKnownFileType = text.xcconfig; name = "Pods-toDoList--2023-toDoList--2023UITests.debug.xcconfig"; path = "Target Support Files/Pods-toDoList--2023-toDoList--2023UITests/Pods-toDoList--2023-toDoList--2023UITests.debug.xcconfig"; sourceTree = "<group>"; };
		2FAC0BDBB33F4F6547AF5000 /* Pods-toDoList--2023Tests.release.xcconfig */ = {isa = PBXFileReference; includeInIndex = 1; lastKnownFileType = text.xcconfig; name = "Pods-toDoList--2023Tests.release.xcconfig"; path = "Target Support Files/Pods-toDoList--2023Tests/Pods-toDoList--2023Tests.release.xcconfig"; sourceTree = "<group>"; };
		3145B3312DE457799824524D /* Pods-toDoList--2023.debug.xcconfig */ = {isa = PBXFileReference; includeInIndex = 1; lastKnownFileType = text.xcconfig; name = "Pods-toDoList--2023.debug.xcconfig"; path = "Target Support Files/Pods-toDoList--2023/Pods-toDoList--2023.debug.xcconfig"; sourceTree = "<group>"; };
		817E435DEA9C2EE025D05DD9 /* Pods_toDoList__2023Tests.framework */ = {isa = PBXFileReference; explicitFileType = wrapper.framework; includeInIndex = 0; path = Pods_toDoList__2023Tests.framework; sourceTree = BUILT_PRODUCTS_DIR; };
		864F56BCC1FAB3943EB3EF44 /* Pods_toDoList__2023_toDoList__2023UITests.framework */ = {isa = PBXFileReference; explicitFileType = wrapper.framework; includeInIndex = 0; path = Pods_toDoList__2023_toDoList__2023UITests.framework; sourceTree = BUILT_PRODUCTS_DIR; };
		90DC0902528515D10AA3590A /* Pods-toDoList--2023Tests.debug.xcconfig */ = {isa = PBXFileReference; includeInIndex = 1; lastKnownFileType = text.xcconfig; name = "Pods-toDoList--2023Tests.debug.xcconfig"; path = "Target Support Files/Pods-toDoList--2023Tests/Pods-toDoList--2023Tests.debug.xcconfig"; sourceTree = "<group>"; };
		CA19BA392A4DBE1A0092469A /* CustomTableView.swift */ = {isa = PBXFileReference; lastKnownFileType = sourcecode.swift; path = CustomTableView.swift; sourceTree = "<group>"; };
		CA19BA442A4ED5B40092469A /* TransitioninDelegate.swift */ = {isa = PBXFileReference; lastKnownFileType = sourcecode.swift; path = TransitioninDelegate.swift; sourceTree = "<group>"; };
		CA19BA462A4ED8E00092469A /* TransitionAnimation.swift */ = {isa = PBXFileReference; lastKnownFileType = sourcecode.swift; path = TransitionAnimation.swift; sourceTree = "<group>"; };
		CA4264362A385BB7000631EE /* FileCache.swift */ = {isa = PBXFileReference; lastKnownFileType = sourcecode.swift; path = FileCache.swift; sourceTree = "<group>"; };
		CA5738A62A3B7B1B008F5ADF /* toDoList--2023.xctestplan */ = {isa = PBXFileReference; lastKnownFileType = text; path = "toDoList--2023.xctestplan"; sourceTree = "<group>"; };
		CA5C29EA2A40EF4F0045FB2C /* FileCacheErrors.swift */ = {isa = PBXFileReference; lastKnownFileType = sourcecode.swift; path = FileCacheErrors.swift; sourceTree = "<group>"; };
		CA5C29ED2A419E500045FB2C /* MainViewController.swift */ = {isa = PBXFileReference; lastKnownFileType = sourcecode.swift; path = MainViewController.swift; sourceTree = "<group>"; };
		CA680E842A34B02B00B478CA /* toDoList--2023.app */ = {isa = PBXFileReference; explicitFileType = wrapper.application; includeInIndex = 0; path = "toDoList--2023.app"; sourceTree = BUILT_PRODUCTS_DIR; };
		CA680E872A34B02B00B478CA /* AppDelegate.swift */ = {isa = PBXFileReference; lastKnownFileType = sourcecode.swift; path = AppDelegate.swift; sourceTree = "<group>"; };
		CA680E892A34B02B00B478CA /* SceneDelegate.swift */ = {isa = PBXFileReference; lastKnownFileType = sourcecode.swift; path = SceneDelegate.swift; sourceTree = "<group>"; };
		CA680E8B2A34B02B00B478CA /* TodoItemViewController.swift */ = {isa = PBXFileReference; lastKnownFileType = sourcecode.swift; path = TodoItemViewController.swift; sourceTree = "<group>"; };
		CA680E8E2A34B02B00B478CA /* Base */ = {isa = PBXFileReference; lastKnownFileType = file.storyboard; name = Base; path = Base.lproj/Main.storyboard; sourceTree = "<group>"; };
		CA680E902A34B02E00B478CA /* Assets.xcassets */ = {isa = PBXFileReference; lastKnownFileType = folder.assetcatalog; path = Assets.xcassets; sourceTree = "<group>"; };
		CA680E932A34B02E00B478CA /* Base */ = {isa = PBXFileReference; lastKnownFileType = file.storyboard; name = Base; path = Base.lproj/LaunchScreen.storyboard; sourceTree = "<group>"; };
		CA680E952A34B02E00B478CA /* Info.plist */ = {isa = PBXFileReference; lastKnownFileType = text.plist.xml; path = Info.plist; sourceTree = "<group>"; };
		CA680E9A2A34B02F00B478CA /* toDoList--2023Tests.xctest */ = {isa = PBXFileReference; explicitFileType = wrapper.cfbundle; includeInIndex = 0; path = "toDoList--2023Tests.xctest"; sourceTree = BUILT_PRODUCTS_DIR; };
		CA680E9E2A34B02F00B478CA /* toDoList__2023Tests.swift */ = {isa = PBXFileReference; lastKnownFileType = sourcecode.swift; path = toDoList__2023Tests.swift; sourceTree = "<group>"; };
		CA680EA42A34B02F00B478CA /* toDoList--2023UITests.xctest */ = {isa = PBXFileReference; explicitFileType = wrapper.cfbundle; includeInIndex = 0; path = "toDoList--2023UITests.xctest"; sourceTree = BUILT_PRODUCTS_DIR; };
		CA680EA82A34B02F00B478CA /* toDoList__2023UITests.swift */ = {isa = PBXFileReference; lastKnownFileType = sourcecode.swift; path = toDoList__2023UITests.swift; sourceTree = "<group>"; };
		CA680EAA2A34B02F00B478CA /* toDoList__2023UITestsLaunchTests.swift */ = {isa = PBXFileReference; lastKnownFileType = sourcecode.swift; path = toDoList__2023UITestsLaunchTests.swift; sourceTree = "<group>"; };
		CA680EB82A34B08600B478CA /* ToDoItem.swift */ = {isa = PBXFileReference; lastKnownFileType = sourcecode.swift; path = ToDoItem.swift; sourceTree = "<group>"; };
		CA6D390F2A49D1D500B11DD9 /* MainView.swift */ = {isa = PBXFileReference; lastKnownFileType = sourcecode.swift; path = MainView.swift; sourceTree = "<group>"; };
		CA6D39112A49D21400B11DD9 /* CompleteBarView.swift */ = {isa = PBXFileReference; lastKnownFileType = sourcecode.swift; path = CompleteBarView.swift; sourceTree = "<group>"; };
		CA6D39132A4A1FE500B11DD9 /* ItemTableViewCell.swift */ = {isa = PBXFileReference; lastKnownFileType = sourcecode.swift; path = ItemTableViewCell.swift; sourceTree = "<group>"; };
		CA6D39152A4B0FF100B11DD9 /* UILabel.swift */ = {isa = PBXFileReference; lastKnownFileType = sourcecode.swift; path = UILabel.swift; sourceTree = "<group>"; };
		CACD97F82A4232A100BB6D7E /* Notification.swift */ = {isa = PBXFileReference; lastKnownFileType = sourcecode.swift; path = Notification.swift; sourceTree = "<group>"; };
		CACD97FC2A4318B500BB6D7E /* Colors.xcassets */ = {isa = PBXFileReference; lastKnownFileType = folder.assetcatalog; path = Colors.xcassets; sourceTree = "<group>"; };
		CACD97FE2A4482A600BB6D7E /* ColorPalletView.swift */ = {isa = PBXFileReference; lastKnownFileType = sourcecode.swift; path = ColorPalletView.swift; sourceTree = "<group>"; };
		CACD98002A44842500BB6D7E /* CustomColorPickerViewController.swift */ = {isa = PBXFileReference; lastKnownFileType = sourcecode.swift; path = CustomColorPickerViewController.swift; sourceTree = "<group>"; };
		CACD98022A44FAA400BB6D7E /* UIColor.swift */ = {isa = PBXFileReference; lastKnownFileType = sourcecode.swift; path = UIColor.swift; sourceTree = "<group>"; };
		D5946974E6D3736E0A184D25 /* Pods-toDoList--2023-toDoList--2023UITests.release.xcconfig */ = {isa = PBXFileReference; includeInIndex = 1; lastKnownFileType = text.xcconfig; name = "Pods-toDoList--2023-toDoList--2023UITests.release.xcconfig"; path = "Target Support Files/Pods-toDoList--2023-toDoList--2023UITests/Pods-toDoList--2023-toDoList--2023UITests.release.xcconfig"; sourceTree = "<group>"; };
		FCD321EE663BFA5FDECAA553 /* Pods_toDoList__2023.framework */ = {isa = PBXFileReference; explicitFileType = wrapper.framework; includeInIndex = 0; path = Pods_toDoList__2023.framework; sourceTree = BUILT_PRODUCTS_DIR; };
		FDD078482A99BB04A32EE911 /* Pods-toDoList--2023.release.xcconfig */ = {isa = PBXFileReference; includeInIndex = 1; lastKnownFileType = text.xcconfig; name = "Pods-toDoList--2023.release.xcconfig"; path = "Target Support Files/Pods-toDoList--2023/Pods-toDoList--2023.release.xcconfig"; sourceTree = "<group>"; };
/* End PBXFileReference section */

/* Begin PBXFrameworksBuildPhase section */
		CA680E812A34B02B00B478CA /* Frameworks */ = {
			isa = PBXFrameworksBuildPhase;
			buildActionMask = 2147483647;
			files = (
				CACD94A22A4F75E000DAB123 /* Models in Frameworks */,
				CA19BA412A4E41D80092469A /* CocoaLumberjackSwift in Frameworks */,
				E8209C964C429636DA3D25D1 /* Pods_toDoList__2023.framework in Frameworks */,
			);
			runOnlyForDeploymentPostprocessing = 0;
		};
		CA680E972A34B02F00B478CA /* Frameworks */ = {
			isa = PBXFrameworksBuildPhase;
			buildActionMask = 2147483647;
			files = (
				5A3374233087B0ABA5F49489 /* Pods_toDoList__2023Tests.framework in Frameworks */,
			);
			runOnlyForDeploymentPostprocessing = 0;
		};
		CA680EA12A34B02F00B478CA /* Frameworks */ = {
			isa = PBXFrameworksBuildPhase;
			buildActionMask = 2147483647;
			files = (
				4652726E15D1EC07CC58D63A /* Pods_toDoList__2023_toDoList__2023UITests.framework in Frameworks */,
			);
			runOnlyForDeploymentPostprocessing = 0;
		};
/* End PBXFrameworksBuildPhase section */

/* Begin PBXGroup section */
		5A53473B910E27B255E90369 /* Frameworks */ = {
			isa = PBXGroup;
			children = (
				FCD321EE663BFA5FDECAA553 /* Pods_toDoList__2023.framework */,
				864F56BCC1FAB3943EB3EF44 /* Pods_toDoList__2023_toDoList__2023UITests.framework */,
				817E435DEA9C2EE025D05DD9 /* Pods_toDoList__2023Tests.framework */,
			);
			name = Frameworks;
			sourceTree = "<group>";
		};
		641B72ADBBC525146D317233 /* Pods */ = {
			isa = PBXGroup;
			children = (
				3145B3312DE457799824524D /* Pods-toDoList--2023.debug.xcconfig */,
				FDD078482A99BB04A32EE911 /* Pods-toDoList--2023.release.xcconfig */,
				10CBBDF48958A728DB42DA63 /* Pods-toDoList--2023-toDoList--2023UITests.debug.xcconfig */,
				D5946974E6D3736E0A184D25 /* Pods-toDoList--2023-toDoList--2023UITests.release.xcconfig */,
				90DC0902528515D10AA3590A /* Pods-toDoList--2023Tests.debug.xcconfig */,
				2FAC0BDBB33F4F6547AF5000 /* Pods-toDoList--2023Tests.release.xcconfig */,
			);
			path = Pods;
			sourceTree = "<group>";
		};
		CA19BA3D2A4E403B0092469A /* Utilities */ = {
			isa = PBXGroup;
			children = (
				CA19BA482A4EE1490092469A /* Assets */,
				CA19BA442A4ED5B40092469A /* TransitioninDelegate.swift */,
				CA19BA462A4ED8E00092469A /* TransitionAnimation.swift */,
			);
			path = Utilities;
			sourceTree = "<group>";
		};
		CA19BA482A4EE1490092469A /* Assets */ = {
			isa = PBXGroup;
			children = (
				CACD97FC2A4318B500BB6D7E /* Colors.xcassets */,
			);
			path = Assets;
			sourceTree = "<group>";
		};
		CA5C29EC2A40F1040045FB2C /* ViewContoller */ = {
			isa = PBXGroup;
			children = (
				CA680E8B2A34B02B00B478CA /* TodoItemViewController.swift */,
				CA5C29ED2A419E500045FB2C /* MainViewController.swift */,
				CACD98002A44842500BB6D7E /* CustomColorPickerViewController.swift */,
			);
			path = ViewContoller;
			sourceTree = "<group>";
		};
		CA680E7B2A34B02B00B478CA = {
			isa = PBXGroup;
			children = (
				CA5738A62A3B7B1B008F5ADF /* toDoList--2023.xctestplan */,
				CA680E862A34B02B00B478CA /* toDoList--2023 */,
				CA680E9D2A34B02F00B478CA /* toDoList--2023Tests */,
				CA680EA72A34B02F00B478CA /* toDoList--2023UITests */,
				CA680E852A34B02B00B478CA /* Products */,
				641B72ADBBC525146D317233 /* Pods */,
				5A53473B910E27B255E90369 /* Frameworks */,
			);
			sourceTree = "<group>";
		};
		CA680E852A34B02B00B478CA /* Products */ = {
			isa = PBXGroup;
			children = (
				CA680E842A34B02B00B478CA /* toDoList--2023.app */,
				CA680E9A2A34B02F00B478CA /* toDoList--2023Tests.xctest */,
				CA680EA42A34B02F00B478CA /* toDoList--2023UITests.xctest */,
			);
			name = Products;
			sourceTree = "<group>";
		};
		CA680E862A34B02B00B478CA /* toDoList--2023 */ = {
			isa = PBXGroup;
			children = (
				CA19BA3D2A4E403B0092469A /* Utilities */,
				CACD98062A45190200BB6D7E /* View */,
				CACD97F72A42324600BB6D7E /* Extension */,
				CA5C29EC2A40F1040045FB2C /* ViewContoller */,
				CA680EB72A34B05800B478CA /* Models */,
				CA680E872A34B02B00B478CA /* AppDelegate.swift */,
				CA680E892A34B02B00B478CA /* SceneDelegate.swift */,
				CA680E8D2A34B02B00B478CA /* Main.storyboard */,
				CA680E902A34B02E00B478CA /* Assets.xcassets */,
				CA680E922A34B02E00B478CA /* LaunchScreen.storyboard */,
				CA680E952A34B02E00B478CA /* Info.plist */,
			);
			path = "toDoList--2023";
			sourceTree = "<group>";
		};
		CA680E9D2A34B02F00B478CA /* toDoList--2023Tests */ = {
			isa = PBXGroup;
			children = (
				CA680E9E2A34B02F00B478CA /* toDoList__2023Tests.swift */,
			);
			path = "toDoList--2023Tests";
			sourceTree = "<group>";
		};
		CA680EA72A34B02F00B478CA /* toDoList--2023UITests */ = {
			isa = PBXGroup;
			children = (
				CA680EA82A34B02F00B478CA /* toDoList__2023UITests.swift */,
				CA680EAA2A34B02F00B478CA /* toDoList__2023UITestsLaunchTests.swift */,
			);
			path = "toDoList--2023UITests";
			sourceTree = "<group>";
		};
		CA680EB72A34B05800B478CA /* Models */ = {
			isa = PBXGroup;
			children = (
				CA680EB82A34B08600B478CA /* ToDoItem.swift */,
				CA4264362A385BB7000631EE /* FileCache.swift */,
				CA5C29EA2A40EF4F0045FB2C /* FileCacheErrors.swift */,
			);
			path = Models;
			sourceTree = "<group>";
		};
		CACD97F72A42324600BB6D7E /* Extension */ = {
			isa = PBXGroup;
			children = (
				CACD97F82A4232A100BB6D7E /* Notification.swift */,
				CACD98022A44FAA400BB6D7E /* UIColor.swift */,
				CA6D39152A4B0FF100B11DD9 /* UILabel.swift */,
				CA19BA392A4DBE1A0092469A /* CustomTableView.swift */,
			);
			path = Extension;
			sourceTree = "<group>";
		};
		CACD98062A45190200BB6D7E /* View */ = {
			isa = PBXGroup;
			children = (
				CACD97FE2A4482A600BB6D7E /* ColorPalletView.swift */,
				CA6D390F2A49D1D500B11DD9 /* MainView.swift */,
				CA6D39112A49D21400B11DD9 /* CompleteBarView.swift */,
				CA6D39132A4A1FE500B11DD9 /* ItemTableViewCell.swift */,
			);
			path = View;
			sourceTree = "<group>";
		};
/* End PBXGroup section */

/* Begin PBXNativeTarget section */
		CA680E832A34B02B00B478CA /* toDoList--2023 */ = {
			isa = PBXNativeTarget;
			buildConfigurationList = CA680EAE2A34B02F00B478CA /* Build configuration list for PBXNativeTarget "toDoList--2023" */;
			buildPhases = (
				BE63D66E7AD8D4B16DD03840 /* [CP] Check Pods Manifest.lock */,
				CA680E802A34B02B00B478CA /* Sources */,
				CA680E812A34B02B00B478CA /* Frameworks */,
				CA680E822A34B02B00B478CA /* Resources */,
				CA19BA3C2A4E14F30092469A /* ShellScript */,
			);
			buildRules = (
			);
			dependencies = (
			);
			name = "toDoList--2023";
			packageProductDependencies = (
				CA19BA402A4E41D80092469A /* CocoaLumberjackSwift */,
				CACD94A12A4F75E000DAB123 /* Models */,
			);
			productName = "toDoList--2023";
			productReference = CA680E842A34B02B00B478CA /* toDoList--2023.app */;
			productType = "com.apple.product-type.application";
		};
		CA680E992A34B02F00B478CA /* toDoList--2023Tests */ = {
			isa = PBXNativeTarget;
			buildConfigurationList = CA680EB12A34B02F00B478CA /* Build configuration list for PBXNativeTarget "toDoList--2023Tests" */;
			buildPhases = (
				7E9BEFE4F640C69267E4EF0B /* [CP] Check Pods Manifest.lock */,
				CA680E962A34B02F00B478CA /* Sources */,
				CA680E972A34B02F00B478CA /* Frameworks */,
				CA680E982A34B02F00B478CA /* Resources */,
			);
			buildRules = (
			);
			dependencies = (
				CA680E9C2A34B02F00B478CA /* PBXTargetDependency */,
			);
			name = "toDoList--2023Tests";
			productName = "toDoList--2023Tests";
			productReference = CA680E9A2A34B02F00B478CA /* toDoList--2023Tests.xctest */;
			productType = "com.apple.product-type.bundle.unit-test";
		};
		CA680EA32A34B02F00B478CA /* toDoList--2023UITests */ = {
			isa = PBXNativeTarget;
			buildConfigurationList = CA680EB42A34B02F00B478CA /* Build configuration list for PBXNativeTarget "toDoList--2023UITests" */;
			buildPhases = (
				664B2C913F94F6D0230B8F60 /* [CP] Check Pods Manifest.lock */,
				CA680EA02A34B02F00B478CA /* Sources */,
				CA680EA12A34B02F00B478CA /* Frameworks */,
				CA680EA22A34B02F00B478CA /* Resources */,
			);
			buildRules = (
			);
			dependencies = (
				CA680EA62A34B02F00B478CA /* PBXTargetDependency */,
			);
			name = "toDoList--2023UITests";
			productName = "toDoList--2023UITests";
			productReference = CA680EA42A34B02F00B478CA /* toDoList--2023UITests.xctest */;
			productType = "com.apple.product-type.bundle.ui-testing";
		};
/* End PBXNativeTarget section */

/* Begin PBXProject section */
		CA680E7C2A34B02B00B478CA /* Project object */ = {
			isa = PBXProject;
			attributes = {
				BuildIndependentTargetsInParallel = 1;
				LastSwiftUpdateCheck = 1430;
				LastUpgradeCheck = 1430;
				TargetAttributes = {
					CA680E832A34B02B00B478CA = {
						CreatedOnToolsVersion = 14.3;
					};
					CA680E992A34B02F00B478CA = {
						CreatedOnToolsVersion = 14.3;
						TestTargetID = CA680E832A34B02B00B478CA;
					};
					CA680EA32A34B02F00B478CA = {
						CreatedOnToolsVersion = 14.3;
						TestTargetID = CA680E832A34B02B00B478CA;
					};
				};
			};
			buildConfigurationList = CA680E7F2A34B02B00B478CA /* Build configuration list for PBXProject "toDoList--2023" */;
			compatibilityVersion = "Xcode 14.0";
			developmentRegion = en;
			hasScannedForEncodings = 0;
			knownRegions = (
				en,
				Base,
			);
			mainGroup = CA680E7B2A34B02B00B478CA;
			packageReferences = (
				CA19BA3B2A4DE4D20092469A /* XCRemoteSwiftPackageReference "CocoaLumberjack" */,
				CACD94A02A4F75E000DAB123 /* XCRemoteSwiftPackageReference "Models" */,
			);
			productRefGroup = CA680E852A34B02B00B478CA /* Products */;
			projectDirPath = "";
			projectRoot = "";
			targets = (
				CA680E832A34B02B00B478CA /* toDoList--2023 */,
				CA680E992A34B02F00B478CA /* toDoList--2023Tests */,
				CA680EA32A34B02F00B478CA /* toDoList--2023UITests */,
			);
		};
/* End PBXProject section */

/* Begin PBXResourcesBuildPhase section */
		CA680E822A34B02B00B478CA /* Resources */ = {
			isa = PBXResourcesBuildPhase;
			buildActionMask = 2147483647;
			files = (
				CA680E942A34B02E00B478CA /* LaunchScreen.storyboard in Resources */,
				CACD97FD2A4318B500BB6D7E /* Colors.xcassets in Resources */,
				CA680E912A34B02E00B478CA /* Assets.xcassets in Resources */,
				CA680E8F2A34B02B00B478CA /* Main.storyboard in Resources */,
			);
			runOnlyForDeploymentPostprocessing = 0;
		};
		CA680E982A34B02F00B478CA /* Resources */ = {
			isa = PBXResourcesBuildPhase;
			buildActionMask = 2147483647;
			files = (
			);
			runOnlyForDeploymentPostprocessing = 0;
		};
		CA680EA22A34B02F00B478CA /* Resources */ = {
			isa = PBXResourcesBuildPhase;
			buildActionMask = 2147483647;
			files = (
			);
			runOnlyForDeploymentPostprocessing = 0;
		};
/* End PBXResourcesBuildPhase section */

/* Begin PBXShellScriptBuildPhase section */
		664B2C913F94F6D0230B8F60 /* [CP] Check Pods Manifest.lock */ = {
			isa = PBXShellScriptBuildPhase;
			buildActionMask = 2147483647;
			files = (
			);
			inputFileListPaths = (
			);
			inputPaths = (
				"${PODS_PODFILE_DIR_PATH}/Podfile.lock",
				"${PODS_ROOT}/Manifest.lock",
			);
			name = "[CP] Check Pods Manifest.lock";
			outputFileListPaths = (
			);
			outputPaths = (
				"$(DERIVED_FILE_DIR)/Pods-toDoList--2023-toDoList--2023UITests-checkManifestLockResult.txt",
			);
			runOnlyForDeploymentPostprocessing = 0;
			shellPath = /bin/sh;
			shellScript = "diff \"${PODS_PODFILE_DIR_PATH}/Podfile.lock\" \"${PODS_ROOT}/Manifest.lock\" > /dev/null\nif [ $? != 0 ] ; then\n    # print error to STDERR\n    echo \"error: The sandbox is not in sync with the Podfile.lock. Run 'pod install' or update your CocoaPods installation.\" >&2\n    exit 1\nfi\n# This output is used by Xcode 'outputs' to avoid re-running this script phase.\necho \"SUCCESS\" > \"${SCRIPT_OUTPUT_FILE_0}\"\n";
			showEnvVarsInLog = 0;
		};
		7E9BEFE4F640C69267E4EF0B /* [CP] Check Pods Manifest.lock */ = {
			isa = PBXShellScriptBuildPhase;
			buildActionMask = 2147483647;
			files = (
			);
			inputFileListPaths = (
			);
			inputPaths = (
				"${PODS_PODFILE_DIR_PATH}/Podfile.lock",
				"${PODS_ROOT}/Manifest.lock",
			);
			name = "[CP] Check Pods Manifest.lock";
			outputFileListPaths = (
			);
			outputPaths = (
				"$(DERIVED_FILE_DIR)/Pods-toDoList--2023Tests-checkManifestLockResult.txt",
			);
			runOnlyForDeploymentPostprocessing = 0;
			shellPath = /bin/sh;
			shellScript = "diff \"${PODS_PODFILE_DIR_PATH}/Podfile.lock\" \"${PODS_ROOT}/Manifest.lock\" > /dev/null\nif [ $? != 0 ] ; then\n    # print error to STDERR\n    echo \"error: The sandbox is not in sync with the Podfile.lock. Run 'pod install' or update your CocoaPods installation.\" >&2\n    exit 1\nfi\n# This output is used by Xcode 'outputs' to avoid re-running this script phase.\necho \"SUCCESS\" > \"${SCRIPT_OUTPUT_FILE_0}\"\n";
			showEnvVarsInLog = 0;
		};
		BE63D66E7AD8D4B16DD03840 /* [CP] Check Pods Manifest.lock */ = {
			isa = PBXShellScriptBuildPhase;
			buildActionMask = 2147483647;
			files = (
			);
			inputFileListPaths = (
			);
			inputPaths = (
				"${PODS_PODFILE_DIR_PATH}/Podfile.lock",
				"${PODS_ROOT}/Manifest.lock",
			);
			name = "[CP] Check Pods Manifest.lock";
			outputFileListPaths = (
			);
			outputPaths = (
				"$(DERIVED_FILE_DIR)/Pods-toDoList--2023-checkManifestLockResult.txt",
			);
			runOnlyForDeploymentPostprocessing = 0;
			shellPath = /bin/sh;
			shellScript = "diff \"${PODS_PODFILE_DIR_PATH}/Podfile.lock\" \"${PODS_ROOT}/Manifest.lock\" > /dev/null\nif [ $? != 0 ] ; then\n    # print error to STDERR\n    echo \"error: The sandbox is not in sync with the Podfile.lock. Run 'pod install' or update your CocoaPods installation.\" >&2\n    exit 1\nfi\n# This output is used by Xcode 'outputs' to avoid re-running this script phase.\necho \"SUCCESS\" > \"${SCRIPT_OUTPUT_FILE_0}\"\n";
			showEnvVarsInLog = 0;
		};
		CA19BA3C2A4E14F30092469A /* ShellScript */ = {
			isa = PBXShellScriptBuildPhase;
			buildActionMask = 2147483647;
			files = (
			);
			inputFileListPaths = (
			);
			inputPaths = (
			);
			outputFileListPaths = (
			);
			outputPaths = (
			);
			runOnlyForDeploymentPostprocessing = 0;
			shellPath = /bin/sh;
			shellScript = "# Type a script or drag a script file from your workspace to insert its path.\n\"${PODS_ROOT}/SwiftLint/swiftlint\" --path \"${PODS_ROOT}\"\n";
		};
/* End PBXShellScriptBuildPhase section */

/* Begin PBXSourcesBuildPhase section */
		CA680E802A34B02B00B478CA /* Sources */ = {
			isa = PBXSourcesBuildPhase;
			buildActionMask = 2147483647;
			files = (
				CA680E8C2A34B02B00B478CA /* TodoItemViewController.swift in Sources */,
				CA6D39102A49D1D500B11DD9 /* MainView.swift in Sources */,
				CA680E882A34B02B00B478CA /* AppDelegate.swift in Sources */,
				CA5C29EB2A40EF4F0045FB2C /* FileCacheErrors.swift in Sources */,
				CACD97F92A4232A100BB6D7E /* Notification.swift in Sources */,
				CA19BA452A4ED5B40092469A /* TransitioninDelegate.swift in Sources */,
				CA6D39122A49D21400B11DD9 /* CompleteBarView.swift in Sources */,
				CA5C29EE2A419E500045FB2C /* MainViewController.swift in Sources */,
				CACD98012A44842500BB6D7E /* CustomColorPickerViewController.swift in Sources */,
				CACD97FF2A4482A600BB6D7E /* ColorPalletView.swift in Sources */,
				CACD98032A44FAA400BB6D7E /* UIColor.swift in Sources */,
				CA6D39162A4B0FF100B11DD9 /* UILabel.swift in Sources */,
				CA6D39142A4A1FE500B11DD9 /* ItemTableViewCell.swift in Sources */,
				CA680EB92A34B08600B478CA /* ToDoItem.swift in Sources */,
				CA4264372A385BB7000631EE /* FileCache.swift in Sources */,
				CA19BA472A4ED8E00092469A /* TransitionAnimation.swift in Sources */,
				CA19BA3A2A4DBE1A0092469A /* CustomTableView.swift in Sources */,
				CA680E8A2A34B02B00B478CA /* SceneDelegate.swift in Sources */,
			);
			runOnlyForDeploymentPostprocessing = 0;
		};
		CA680E962A34B02F00B478CA /* Sources */ = {
			isa = PBXSourcesBuildPhase;
			buildActionMask = 2147483647;
			files = (
				CA680E9F2A34B02F00B478CA /* toDoList__2023Tests.swift in Sources */,
			);
			runOnlyForDeploymentPostprocessing = 0;
		};
		CA680EA02A34B02F00B478CA /* Sources */ = {
			isa = PBXSourcesBuildPhase;
			buildActionMask = 2147483647;
			files = (
				CA680EA92A34B02F00B478CA /* toDoList__2023UITests.swift in Sources */,
				CA680EAB2A34B02F00B478CA /* toDoList__2023UITestsLaunchTests.swift in Sources */,
			);
			runOnlyForDeploymentPostprocessing = 0;
		};
/* End PBXSourcesBuildPhase section */

/* Begin PBXTargetDependency section */
		CA680E9C2A34B02F00B478CA /* PBXTargetDependency */ = {
			isa = PBXTargetDependency;
			target = CA680E832A34B02B00B478CA /* toDoList--2023 */;
			targetProxy = CA680E9B2A34B02F00B478CA /* PBXContainerItemProxy */;
		};
		CA680EA62A34B02F00B478CA /* PBXTargetDependency */ = {
			isa = PBXTargetDependency;
			target = CA680E832A34B02B00B478CA /* toDoList--2023 */;
			targetProxy = CA680EA52A34B02F00B478CA /* PBXContainerItemProxy */;
		};
/* End PBXTargetDependency section */

/* Begin PBXVariantGroup section */
		CA680E8D2A34B02B00B478CA /* Main.storyboard */ = {
			isa = PBXVariantGroup;
			children = (
				CA680E8E2A34B02B00B478CA /* Base */,
			);
			name = Main.storyboard;
			sourceTree = "<group>";
		};
		CA680E922A34B02E00B478CA /* LaunchScreen.storyboard */ = {
			isa = PBXVariantGroup;
			children = (
				CA680E932A34B02E00B478CA /* Base */,
			);
			name = LaunchScreen.storyboard;
			sourceTree = "<group>";
		};
/* End PBXVariantGroup section */

/* Begin XCBuildConfiguration section */
		CA680EAC2A34B02F00B478CA /* Debug */ = {
			isa = XCBuildConfiguration;
			buildSettings = {
				ALWAYS_SEARCH_USER_PATHS = NO;
				CLANG_ANALYZER_NONNULL = YES;
				CLANG_ANALYZER_NUMBER_OBJECT_CONVERSION = YES_AGGRESSIVE;
				CLANG_CXX_LANGUAGE_STANDARD = "gnu++20";
				CLANG_ENABLE_MODULES = YES;
				CLANG_ENABLE_OBJC_ARC = YES;
				CLANG_ENABLE_OBJC_WEAK = YES;
				CLANG_WARN_BLOCK_CAPTURE_AUTORELEASING = YES;
				CLANG_WARN_BOOL_CONVERSION = YES;
				CLANG_WARN_COMMA = YES;
				CLANG_WARN_CONSTANT_CONVERSION = YES;
				CLANG_WARN_DEPRECATED_OBJC_IMPLEMENTATIONS = YES;
				CLANG_WARN_DIRECT_OBJC_ISA_USAGE = YES_ERROR;
				CLANG_WARN_DOCUMENTATION_COMMENTS = YES;
				CLANG_WARN_EMPTY_BODY = YES;
				CLANG_WARN_ENUM_CONVERSION = YES;
				CLANG_WARN_INFINITE_RECURSION = YES;
				CLANG_WARN_INT_CONVERSION = YES;
				CLANG_WARN_NON_LITERAL_NULL_CONVERSION = YES;
				CLANG_WARN_OBJC_IMPLICIT_RETAIN_SELF = YES;
				CLANG_WARN_OBJC_LITERAL_CONVERSION = YES;
				CLANG_WARN_OBJC_ROOT_CLASS = YES_ERROR;
				CLANG_WARN_QUOTED_INCLUDE_IN_FRAMEWORK_HEADER = YES;
				CLANG_WARN_RANGE_LOOP_ANALYSIS = YES;
				CLANG_WARN_STRICT_PROTOTYPES = YES;
				CLANG_WARN_SUSPICIOUS_MOVE = YES;
				CLANG_WARN_UNGUARDED_AVAILABILITY = YES_AGGRESSIVE;
				CLANG_WARN_UNREACHABLE_CODE = YES;
				CLANG_WARN__DUPLICATE_METHOD_MATCH = YES;
				COPY_PHASE_STRIP = NO;
				DEBUG_INFORMATION_FORMAT = dwarf;
				ENABLE_STRICT_OBJC_MSGSEND = YES;
				ENABLE_TESTABILITY = YES;
				GCC_C_LANGUAGE_STANDARD = gnu11;
				GCC_DYNAMIC_NO_PIC = NO;
				GCC_NO_COMMON_BLOCKS = YES;
				GCC_OPTIMIZATION_LEVEL = 0;
				GCC_PREPROCESSOR_DEFINITIONS = (
					"DEBUG=1",
					"$(inherited)",
				);
				GCC_WARN_64_TO_32_BIT_CONVERSION = YES;
				GCC_WARN_ABOUT_RETURN_TYPE = YES_ERROR;
				GCC_WARN_UNDECLARED_SELECTOR = YES;
				GCC_WARN_UNINITIALIZED_AUTOS = YES_AGGRESSIVE;
				GCC_WARN_UNUSED_FUNCTION = YES;
				GCC_WARN_UNUSED_VARIABLE = YES;
				IPHONEOS_DEPLOYMENT_TARGET = 15.0;
				MTL_ENABLE_DEBUG_INFO = INCLUDE_SOURCE;
				MTL_FAST_MATH = YES;
				ONLY_ACTIVE_ARCH = YES;
				SDKROOT = iphoneos;
				SWIFT_ACTIVE_COMPILATION_CONDITIONS = DEBUG;
				SWIFT_OPTIMIZATION_LEVEL = "-Onone";
			};
			name = Debug;
		};
		CA680EAD2A34B02F00B478CA /* Release */ = {
			isa = XCBuildConfiguration;
			buildSettings = {
				ALWAYS_SEARCH_USER_PATHS = NO;
				CLANG_ANALYZER_NONNULL = YES;
				CLANG_ANALYZER_NUMBER_OBJECT_CONVERSION = YES_AGGRESSIVE;
				CLANG_CXX_LANGUAGE_STANDARD = "gnu++20";
				CLANG_ENABLE_MODULES = YES;
				CLANG_ENABLE_OBJC_ARC = YES;
				CLANG_ENABLE_OBJC_WEAK = YES;
				CLANG_WARN_BLOCK_CAPTURE_AUTORELEASING = YES;
				CLANG_WARN_BOOL_CONVERSION = YES;
				CLANG_WARN_COMMA = YES;
				CLANG_WARN_CONSTANT_CONVERSION = YES;
				CLANG_WARN_DEPRECATED_OBJC_IMPLEMENTATIONS = YES;
				CLANG_WARN_DIRECT_OBJC_ISA_USAGE = YES_ERROR;
				CLANG_WARN_DOCUMENTATION_COMMENTS = YES;
				CLANG_WARN_EMPTY_BODY = YES;
				CLANG_WARN_ENUM_CONVERSION = YES;
				CLANG_WARN_INFINITE_RECURSION = YES;
				CLANG_WARN_INT_CONVERSION = YES;
				CLANG_WARN_NON_LITERAL_NULL_CONVERSION = YES;
				CLANG_WARN_OBJC_IMPLICIT_RETAIN_SELF = YES;
				CLANG_WARN_OBJC_LITERAL_CONVERSION = YES;
				CLANG_WARN_OBJC_ROOT_CLASS = YES_ERROR;
				CLANG_WARN_QUOTED_INCLUDE_IN_FRAMEWORK_HEADER = YES;
				CLANG_WARN_RANGE_LOOP_ANALYSIS = YES;
				CLANG_WARN_STRICT_PROTOTYPES = YES;
				CLANG_WARN_SUSPICIOUS_MOVE = YES;
				CLANG_WARN_UNGUARDED_AVAILABILITY = YES_AGGRESSIVE;
				CLANG_WARN_UNREACHABLE_CODE = YES;
				CLANG_WARN__DUPLICATE_METHOD_MATCH = YES;
				COPY_PHASE_STRIP = NO;
				DEBUG_INFORMATION_FORMAT = "dwarf-with-dsym";
				ENABLE_NS_ASSERTIONS = NO;
				ENABLE_STRICT_OBJC_MSGSEND = YES;
				GCC_C_LANGUAGE_STANDARD = gnu11;
				GCC_NO_COMMON_BLOCKS = YES;
				GCC_WARN_64_TO_32_BIT_CONVERSION = YES;
				GCC_WARN_ABOUT_RETURN_TYPE = YES_ERROR;
				GCC_WARN_UNDECLARED_SELECTOR = YES;
				GCC_WARN_UNINITIALIZED_AUTOS = YES_AGGRESSIVE;
				GCC_WARN_UNUSED_FUNCTION = YES;
				GCC_WARN_UNUSED_VARIABLE = YES;
				IPHONEOS_DEPLOYMENT_TARGET = 15.0;
				MTL_ENABLE_DEBUG_INFO = NO;
				MTL_FAST_MATH = YES;
				SDKROOT = iphoneos;
				SWIFT_COMPILATION_MODE = wholemodule;
				SWIFT_OPTIMIZATION_LEVEL = "-O";
				VALIDATE_PRODUCT = YES;
			};
			name = Release;
		};
		CA680EAF2A34B02F00B478CA /* Debug */ = {
			isa = XCBuildConfiguration;
			baseConfigurationReference = 3145B3312DE457799824524D /* Pods-toDoList--2023.debug.xcconfig */;
			buildSettings = {
				ASSETCATALOG_COMPILER_APPICON_NAME = AppIcon;
				ASSETCATALOG_COMPILER_GLOBAL_ACCENT_COLOR_NAME = AccentColor;
				CODE_SIGN_STYLE = Automatic;
				CURRENT_PROJECT_VERSION = 1;
				DEVELOPMENT_TEAM = 2AFG9UBT5A;
				GENERATE_INFOPLIST_FILE = YES;
				INFOPLIST_FILE = "toDoList--2023/Info.plist";
				INFOPLIST_KEY_UIApplicationSupportsIndirectInputEvents = YES;
				INFOPLIST_KEY_UILaunchStoryboardName = LaunchScreen;
				INFOPLIST_KEY_UIMainStoryboardFile = Main;
				INFOPLIST_KEY_UISupportedInterfaceOrientations_iPad = "UIInterfaceOrientationPortrait UIInterfaceOrientationPortraitUpsideDown UIInterfaceOrientationLandscapeLeft UIInterfaceOrientationLandscapeRight";
				INFOPLIST_KEY_UISupportedInterfaceOrientations_iPhone = "UIInterfaceOrientationPortrait UIInterfaceOrientationLandscapeLeft UIInterfaceOrientationLandscapeRight";
				IPHONEOS_DEPLOYMENT_TARGET = 15.0;
				LD_RUNPATH_SEARCH_PATHS = (
					"$(inherited)",
					"@executable_path/Frameworks",
				);
				MARKETING_VERSION = 1.0;
				PRODUCT_BUNDLE_IDENTIFIER = "kkt.toDoList--2023";
				PRODUCT_NAME = "$(TARGET_NAME)";
				SWIFT_EMIT_LOC_STRINGS = YES;
				SWIFT_VERSION = 5.0;
				TARGETED_DEVICE_FAMILY = "1,2";
			};
			name = Debug;
		};
		CA680EB02A34B02F00B478CA /* Release */ = {
			isa = XCBuildConfiguration;
			baseConfigurationReference = FDD078482A99BB04A32EE911 /* Pods-toDoList--2023.release.xcconfig */;
			buildSettings = {
				ASSETCATALOG_COMPILER_APPICON_NAME = AppIcon;
				ASSETCATALOG_COMPILER_GLOBAL_ACCENT_COLOR_NAME = AccentColor;
				CODE_SIGN_STYLE = Automatic;
				CURRENT_PROJECT_VERSION = 1;
				DEVELOPMENT_TEAM = 2AFG9UBT5A;
				GENERATE_INFOPLIST_FILE = YES;
				INFOPLIST_FILE = "toDoList--2023/Info.plist";
				INFOPLIST_KEY_UIApplicationSupportsIndirectInputEvents = YES;
				INFOPLIST_KEY_UILaunchStoryboardName = LaunchScreen;
				INFOPLIST_KEY_UIMainStoryboardFile = Main;
				INFOPLIST_KEY_UISupportedInterfaceOrientations_iPad = "UIInterfaceOrientationPortrait UIInterfaceOrientationPortraitUpsideDown UIInterfaceOrientationLandscapeLeft UIInterfaceOrientationLandscapeRight";
				INFOPLIST_KEY_UISupportedInterfaceOrientations_iPhone = "UIInterfaceOrientationPortrait UIInterfaceOrientationLandscapeLeft UIInterfaceOrientationLandscapeRight";
				IPHONEOS_DEPLOYMENT_TARGET = 15.0;
				LD_RUNPATH_SEARCH_PATHS = (
					"$(inherited)",
					"@executable_path/Frameworks",
				);
				MARKETING_VERSION = 1.0;
				PRODUCT_BUNDLE_IDENTIFIER = "kkt.toDoList--2023";
				PRODUCT_NAME = "$(TARGET_NAME)";
				SWIFT_EMIT_LOC_STRINGS = YES;
				SWIFT_VERSION = 5.0;
				TARGETED_DEVICE_FAMILY = "1,2";
			};
			name = Release;
		};
		CA680EB22A34B02F00B478CA /* Debug */ = {
			isa = XCBuildConfiguration;
			baseConfigurationReference = 90DC0902528515D10AA3590A /* Pods-toDoList--2023Tests.debug.xcconfig */;
			buildSettings = {
				ALWAYS_EMBED_SWIFT_STANDARD_LIBRARIES = YES;
				BUNDLE_LOADER = "$(TEST_HOST)";
				CODE_SIGN_STYLE = Automatic;
				CURRENT_PROJECT_VERSION = 1;
				DEVELOPMENT_TEAM = 2AFG9UBT5A;
				GENERATE_INFOPLIST_FILE = YES;
				IPHONEOS_DEPLOYMENT_TARGET = 16.4;
				MARKETING_VERSION = 1.0;
				PRODUCT_BUNDLE_IDENTIFIER = "xd.toDoList--2023Tests";
				PRODUCT_NAME = "$(TARGET_NAME)";
				SWIFT_EMIT_LOC_STRINGS = NO;
				SWIFT_VERSION = 5.0;
				TARGETED_DEVICE_FAMILY = "1,2";
				TEST_HOST = "$(BUILT_PRODUCTS_DIR)/toDoList--2023.app/$(BUNDLE_EXECUTABLE_FOLDER_PATH)/toDoList--2023";
			};
			name = Debug;
		};
		CA680EB32A34B02F00B478CA /* Release */ = {
			isa = XCBuildConfiguration;
			baseConfigurationReference = 2FAC0BDBB33F4F6547AF5000 /* Pods-toDoList--2023Tests.release.xcconfig */;
			buildSettings = {
				ALWAYS_EMBED_SWIFT_STANDARD_LIBRARIES = YES;
				BUNDLE_LOADER = "$(TEST_HOST)";
				CODE_SIGN_STYLE = Automatic;
				CURRENT_PROJECT_VERSION = 1;
				DEVELOPMENT_TEAM = 2AFG9UBT5A;
				GENERATE_INFOPLIST_FILE = YES;
				IPHONEOS_DEPLOYMENT_TARGET = 16.4;
				MARKETING_VERSION = 1.0;
				PRODUCT_BUNDLE_IDENTIFIER = "xd.toDoList--2023Tests";
				PRODUCT_NAME = "$(TARGET_NAME)";
				SWIFT_EMIT_LOC_STRINGS = NO;
				SWIFT_VERSION = 5.0;
				TARGETED_DEVICE_FAMILY = "1,2";
				TEST_HOST = "$(BUILT_PRODUCTS_DIR)/toDoList--2023.app/$(BUNDLE_EXECUTABLE_FOLDER_PATH)/toDoList--2023";
			};
			name = Release;
		};
		CA680EB52A34B02F00B478CA /* Debug */ = {
			isa = XCBuildConfiguration;
			baseConfigurationReference = 10CBBDF48958A728DB42DA63 /* Pods-toDoList--2023-toDoList--2023UITests.debug.xcconfig */;
			buildSettings = {
				ALWAYS_EMBED_SWIFT_STANDARD_LIBRARIES = YES;
				CODE_SIGN_STYLE = Automatic;
				CURRENT_PROJECT_VERSION = 1;
				DEVELOPMENT_TEAM = 2AFG9UBT5A;
				GENERATE_INFOPLIST_FILE = YES;
				MARKETING_VERSION = 1.0;
				PRODUCT_BUNDLE_IDENTIFIER = "xd.toDoList--2023UITests";
				PRODUCT_NAME = "$(TARGET_NAME)";
				SWIFT_EMIT_LOC_STRINGS = NO;
				SWIFT_VERSION = 5.0;
				TARGETED_DEVICE_FAMILY = "1,2";
				TEST_TARGET_NAME = "toDoList--2023";
			};
			name = Debug;
		};
		CA680EB62A34B02F00B478CA /* Release */ = {
			isa = XCBuildConfiguration;
			baseConfigurationReference = D5946974E6D3736E0A184D25 /* Pods-toDoList--2023-toDoList--2023UITests.release.xcconfig */;
			buildSettings = {
				ALWAYS_EMBED_SWIFT_STANDARD_LIBRARIES = YES;
				CODE_SIGN_STYLE = Automatic;
				CURRENT_PROJECT_VERSION = 1;
				DEVELOPMENT_TEAM = 2AFG9UBT5A;
				GENERATE_INFOPLIST_FILE = YES;
				MARKETING_VERSION = 1.0;
				PRODUCT_BUNDLE_IDENTIFIER = "xd.toDoList--2023UITests";
				PRODUCT_NAME = "$(TARGET_NAME)";
				SWIFT_EMIT_LOC_STRINGS = NO;
				SWIFT_VERSION = 5.0;
				TARGETED_DEVICE_FAMILY = "1,2";
				TEST_TARGET_NAME = "toDoList--2023";
			};
			name = Release;
		};
/* End XCBuildConfiguration section */

/* Begin XCConfigurationList section */
		CA680E7F2A34B02B00B478CA /* Build configuration list for PBXProject "toDoList--2023" */ = {
			isa = XCConfigurationList;
			buildConfigurations = (
				CA680EAC2A34B02F00B478CA /* Debug */,
				CA680EAD2A34B02F00B478CA /* Release */,
			);
			defaultConfigurationIsVisible = 0;
			defaultConfigurationName = Release;
		};
		CA680EAE2A34B02F00B478CA /* Build configuration list for PBXNativeTarget "toDoList--2023" */ = {
			isa = XCConfigurationList;
			buildConfigurations = (
				CA680EAF2A34B02F00B478CA /* Debug */,
				CA680EB02A34B02F00B478CA /* Release */,
			);
			defaultConfigurationIsVisible = 0;
			defaultConfigurationName = Release;
		};
		CA680EB12A34B02F00B478CA /* Build configuration list for PBXNativeTarget "toDoList--2023Tests" */ = {
			isa = XCConfigurationList;
			buildConfigurations = (
				CA680EB22A34B02F00B478CA /* Debug */,
				CA680EB32A34B02F00B478CA /* Release */,
			);
			defaultConfigurationIsVisible = 0;
			defaultConfigurationName = Release;
		};
		CA680EB42A34B02F00B478CA /* Build configuration list for PBXNativeTarget "toDoList--2023UITests" */ = {
			isa = XCConfigurationList;
			buildConfigurations = (
				CA680EB52A34B02F00B478CA /* Debug */,
				CA680EB62A34B02F00B478CA /* Release */,
			);
			defaultConfigurationIsVisible = 0;
			defaultConfigurationName = Release;
		};
/* End XCConfigurationList section */

/* Begin XCRemoteSwiftPackageReference section */
		CA19BA3B2A4DE4D20092469A /* XCRemoteSwiftPackageReference "CocoaLumberjack" */ = {
			isa = XCRemoteSwiftPackageReference;
			repositoryURL = "https://github.com/CocoaLumberjack/CocoaLumberjack";
			requirement = {
				kind = upToNextMajorVersion;
				minimumVersion = 3.0.0;
			};
		};
		CACD94A02A4F75E000DAB123 /* XCRemoteSwiftPackageReference "Models" */ = {
			isa = XCRemoteSwiftPackageReference;
			repositoryURL = "https://github.com/timllin/Models";
			requirement = {
				branch = main;
				kind = branch;
			};
		};
/* End XCRemoteSwiftPackageReference section */

/* Begin XCSwiftPackageProductDependency section */
		CA19BA402A4E41D80092469A /* CocoaLumberjackSwift */ = {
			isa = XCSwiftPackageProductDependency;
			package = CA19BA3B2A4DE4D20092469A /* XCRemoteSwiftPackageReference "CocoaLumberjack" */;
			productName = CocoaLumberjackSwift;
		};
		CACD94A12A4F75E000DAB123 /* Models */ = {
			isa = XCSwiftPackageProductDependency;
			package = CACD94A02A4F75E000DAB123 /* XCRemoteSwiftPackageReference "Models" */;
			productName = Models;
		};
/* End XCSwiftPackageProductDependency section */
	};
	rootObject = CA680E7C2A34B02B00B478CA /* Project object */;
}
