// !$*UTF8*$!
{
	archiveVersion = 1;
	classes = {
	};
	objectVersion = 56;
	objects = {

/* Begin PBXBuildFile section */
		CA4264372A385BB7000631EE /* FileCache.swift in Sources */ = {isa = PBXBuildFile; fileRef = CA4264362A385BB7000631EE /* FileCache.swift */; };
		CA5C29EB2A40EF4F0045FB2C /* FileCacheErrors.swift in Sources */ = {isa = PBXBuildFile; fileRef = CA5C29EA2A40EF4F0045FB2C /* FileCacheErrors.swift */; };
		CA5C29EE2A419E500045FB2C /* FileCacheViewController.swift in Sources */ = {isa = PBXBuildFile; fileRef = CA5C29ED2A419E500045FB2C /* FileCacheViewController.swift */; };
		CA680E882A34B02B00B478CA /* AppDelegate.swift in Sources */ = {isa = PBXBuildFile; fileRef = CA680E872A34B02B00B478CA /* AppDelegate.swift */; };
		CA680E8A2A34B02B00B478CA /* SceneDelegate.swift in Sources */ = {isa = PBXBuildFile; fileRef = CA680E892A34B02B00B478CA /* SceneDelegate.swift */; };
		CA680E8C2A34B02B00B478CA /* TodoItemViewController.swift in Sources */ = {isa = PBXBuildFile; fileRef = CA680E8B2A34B02B00B478CA /* TodoItemViewController.swift */; };
		CA680E8F2A34B02B00B478CA /* Main.storyboard in Resources */ = {isa = PBXBuildFile; fileRef = CA680E8D2A34B02B00B478CA /* Main.storyboard */; };
		CA680E912A34B02E00B478CA /* Assets.xcassets in Resources */ = {isa = PBXBuildFile; fileRef = CA680E902A34B02E00B478CA /* Assets.xcassets */; };
		CA680E942A34B02E00B478CA /* LaunchScreen.storyboard in Resources */ = {isa = PBXBuildFile; fileRef = CA680E922A34B02E00B478CA /* LaunchScreen.storyboard */; };
		CA680E9F2A34B02F00B478CA /* toDoList__2023Tests.swift in Sources */ = {isa = PBXBuildFile; fileRef = CA680E9E2A34B02F00B478CA /* toDoList__2023Tests.swift */; };
		CA680EA92A34B02F00B478CA /* toDoList__2023UITests.swift in Sources */ = {isa = PBXBuildFile; fileRef = CA680EA82A34B02F00B478CA /* toDoList__2023UITests.swift */; };
		CA680EAB2A34B02F00B478CA /* toDoList__2023UITestsLaunchTests.swift in Sources */ = {isa = PBXBuildFile; fileRef = CA680EAA2A34B02F00B478CA /* toDoList__2023UITestsLaunchTests.swift */; };
		CA680EB92A34B08600B478CA /* ToDoItem.swift in Sources */ = {isa = PBXBuildFile; fileRef = CA680EB82A34B08600B478CA /* ToDoItem.swift */; };
		CACD97F92A4232A100BB6D7E /* Notification.swift in Sources */ = {isa = PBXBuildFile; fileRef = CACD97F82A4232A100BB6D7E /* Notification.swift */; };
		CACD97FD2A4318B500BB6D7E /* Colors.xcassets in Resources */ = {isa = PBXBuildFile; fileRef = CACD97FC2A4318B500BB6D7E /* Colors.xcassets */; };
		CACD97FF2A4482A600BB6D7E /* ColorPalletView.swift in Sources */ = {isa = PBXBuildFile; fileRef = CACD97FE2A4482A600BB6D7E /* ColorPalletView.swift */; };
		CACD98012A44842500BB6D7E /* CustomColorPickerViewController.swift in Sources */ = {isa = PBXBuildFile; fileRef = CACD98002A44842500BB6D7E /* CustomColorPickerViewController.swift */; };
		CACD98032A44FAA400BB6D7E /* UIColor.swift in Sources */ = {isa = PBXBuildFile; fileRef = CACD98022A44FAA400BB6D7E /* UIColor.swift */; };
/* End PBXBuildFile section */

/* Begin PBXContainerItemProxy section */
		CA680E9B2A34B02F00B478CA /* PBXContainerItemProxy */ = {
			isa = PBXContainerItemProxy;
			containerPortal = CA680E7C2A34B02B00B478CA /* Project object */;
			proxyType = 1;
			remoteGlobalIDString = CA680E832A34B02B00B478CA;
			remoteInfo = "toDoList--2023";
		};
		CA680EA52A34B02F00B478CA /* PBXContainerItemProxy */ = {
			isa = PBXContainerItemProxy;
			containerPortal = CA680E7C2A34B02B00B478CA /* Project object */;
			proxyType = 1;
			remoteGlobalIDString = CA680E832A34B02B00B478CA;
			remoteInfo = "toDoList--2023";
		};
/* End PBXContainerItemProxy section */

/* Begin PBXFileReference section */
		CA4264362A385BB7000631EE /* FileCache.swift */ = {isa = PBXFileReference; lastKnownFileType = sourcecode.swift; path = FileCache.swift; sourceTree = "<group>"; };
		CA5738A62A3B7B1B008F5ADF /* toDoList--2023.xctestplan */ = {isa = PBXFileReference; lastKnownFileType = text; path = "toDoList--2023.xctestplan"; sourceTree = "<group>"; };
		CA5C29EA2A40EF4F0045FB2C /* FileCacheErrors.swift */ = {isa = PBXFileReference; lastKnownFileType = sourcecode.swift; path = FileCacheErrors.swift; sourceTree = "<group>"; };
		CA5C29ED2A419E500045FB2C /* FileCacheViewController.swift */ = {isa = PBXFileReference; lastKnownFileType = sourcecode.swift; path = FileCacheViewController.swift; sourceTree = "<group>"; };
		CA680E842A34B02B00B478CA /* toDoList--2023.app */ = {isa = PBXFileReference; explicitFileType = wrapper.application; includeInIndex = 0; path = "toDoList--2023.app"; sourceTree = BUILT_PRODUCTS_DIR; };
		CA680E872A34B02B00B478CA /* AppDelegate.swift */ = {isa = PBXFileReference; lastKnownFileType = sourcecode.swift; path = AppDelegate.swift; sourceTree = "<group>"; };
		CA680E892A34B02B00B478CA /* SceneDelegate.swift */ = {isa = PBXFileReference; lastKnownFileType = sourcecode.swift; path = SceneDelegate.swift; sourceTree = "<group>"; };
		CA680E8B2A34B02B00B478CA /* TodoItemViewController.swift */ = {isa = PBXFileReference; lastKnownFileType = sourcecode.swift; path = TodoItemViewController.swift; sourceTree = "<group>"; };
		CA680E8E2A34B02B00B478CA /* Base */ = {isa = PBXFileReference; lastKnownFileType = file.storyboard; name = Base; path = Base.lproj/Main.storyboard; sourceTree = "<group>"; };
		CA680E902A34B02E00B478CA /* Assets.xcassets */ = {isa = PBXFileReference; lastKnownFileType = folder.assetcatalog; path = Assets.xcassets; sourceTree = "<group>"; };
		CA680E932A34B02E00B478CA /* Base */ = {isa = PBXFileReference; lastKnownFileType = file.storyboard; name = Base; path = Base.lproj/LaunchScreen.storyboard; sourceTree = "<group>"; };
		CA680E952A34B02E00B478CA /* Info.plist */ = {isa = PBXFileReference; lastKnownFileType = text.plist.xml; path = Info.plist; sourceTree = "<group>"; };
		CA680E9A2A34B02F00B478CA /* toDoList--2023Tests.xctest */ = {isa = PBXFileReference; explicitFileType = wrapper.cfbundle; includeInIndex = 0; path = "toDoList--2023Tests.xctest"; sourceTree = BUILT_PRODUCTS_DIR; };
		CA680E9E2A34B02F00B478CA /* toDoList__2023Tests.swift */ = {isa = PBXFileReference; lastKnownFileType = sourcecode.swift; path = toDoList__2023Tests.swift; sourceTree = "<group>"; };
		CA680EA42A34B02F00B478CA /* toDoList--2023UITests.xctest */ = {isa = PBXFileReference; explicitFileType = wrapper.cfbundle; includeInIndex = 0; path = "toDoList--2023UITests.xctest"; sourceTree = BUILT_PRODUCTS_DIR; };
		CA680EA82A34B02F00B478CA /* toDoList__2023UITests.swift */ = {isa = PBXFileReference; lastKnownFileType = sourcecode.swift; path = toDoList__2023UITests.swift; sourceTree = "<group>"; };
		CA680EAA2A34B02F00B478CA /* toDoList__2023UITestsLaunchTests.swift */ = {isa = PBXFileReference; lastKnownFileType = sourcecode.swift; path = toDoList__2023UITestsLaunchTests.swift; sourceTree = "<group>"; };
		CA680EB82A34B08600B478CA /* ToDoItem.swift */ = {isa = PBXFileReference; lastKnownFileType = sourcecode.swift; path = ToDoItem.swift; sourceTree = "<group>"; };
		CACD97F82A4232A100BB6D7E /* Notification.swift */ = {isa = PBXFileReference; lastKnownFileType = sourcecode.swift; path = Notification.swift; sourceTree = "<group>"; };
		CACD97FC2A4318B500BB6D7E /* Colors.xcassets */ = {isa = PBXFileReference; lastKnownFileType = folder.assetcatalog; path = Colors.xcassets; sourceTree = "<group>"; };
		CACD97FE2A4482A600BB6D7E /* ColorPalletView.swift */ = {isa = PBXFileReference; lastKnownFileType = sourcecode.swift; path = ColorPalletView.swift; sourceTree = "<group>"; };
		CACD98002A44842500BB6D7E /* CustomColorPickerViewController.swift */ = {isa = PBXFileReference; lastKnownFileType = sourcecode.swift; path = CustomColorPickerViewController.swift; sourceTree = "<group>"; };
		CACD98022A44FAA400BB6D7E /* UIColor.swift */ = {isa = PBXFileReference; lastKnownFileType = sourcecode.swift; path = UIColor.swift; sourceTree = "<group>"; };
/* End PBXFileReference section */

/* Begin PBXFrameworksBuildPhase section */
		CA680E812A34B02B00B478CA /* Frameworks */ = {
			isa = PBXFrameworksBuildPhase;
			buildActionMask = 2147483647;
			files = (
			);
			runOnlyForDeploymentPostprocessing = 0;
		};
		CA680E972A34B02F00B478CA /* Frameworks */ = {
			isa = PBXFrameworksBuildPhase;
			buildActionMask = 2147483647;
			files = (
			);
			runOnlyForDeploymentPostprocessing = 0;
		};
		CA680EA12A34B02F00B478CA /* Frameworks */ = {
			isa = PBXFrameworksBuildPhase;
			buildActionMask = 2147483647;
			files = (
			);
			runOnlyForDeploymentPostprocessing = 0;
		};
/* End PBXFrameworksBuildPhase section */

/* Begin PBXGroup section */
		CA5C29EC2A40F1040045FB2C /* ViewContoller */ = {
			isa = PBXGroup;
			children = (
				CA680E8B2A34B02B00B478CA /* TodoItemViewController.swift */,
				CA5C29ED2A419E500045FB2C /* FileCacheViewController.swift */,
				CACD98002A44842500BB6D7E /* CustomColorPickerViewController.swift */,
			);
			path = ViewContoller;
			sourceTree = "<group>";
		};
		CA680E7B2A34B02B00B478CA = {
			isa = PBXGroup;
			children = (
				CA5738A62A3B7B1B008F5ADF /* toDoList--2023.xctestplan */,
				CA680E862A34B02B00B478CA /* toDoList--2023 */,
				CA680E9D2A34B02F00B478CA /* toDoList--2023Tests */,
				CA680EA72A34B02F00B478CA /* toDoList--2023UITests */,
				CA680E852A34B02B00B478CA /* Products */,
			);
			sourceTree = "<group>";
		};
		CA680E852A34B02B00B478CA /* Products */ = {
			isa = PBXGroup;
			children = (
				CA680E842A34B02B00B478CA /* toDoList--2023.app */,
				CA680E9A2A34B02F00B478CA /* toDoList--2023Tests.xctest */,
				CA680EA42A34B02F00B478CA /* toDoList--2023UITests.xctest */,
			);
			name = Products;
			sourceTree = "<group>";
		};
		CA680E862A34B02B00B478CA /* toDoList--2023 */ = {
			isa = PBXGroup;
			children = (
				CACD98062A45190200BB6D7E /* View */,
				CACD97F72A42324600BB6D7E /* Extension */,
				CA5C29EC2A40F1040045FB2C /* ViewContoller */,
				CA680EB72A34B05800B478CA /* Models */,
				CA680E872A34B02B00B478CA /* AppDelegate.swift */,
				CA680E892A34B02B00B478CA /* SceneDelegate.swift */,
				CA680E8D2A34B02B00B478CA /* Main.storyboard */,
				CA680E902A34B02E00B478CA /* Assets.xcassets */,
				CA680E922A34B02E00B478CA /* LaunchScreen.storyboard */,
				CA680E952A34B02E00B478CA /* Info.plist */,
			);
			path = "toDoList--2023";
			sourceTree = "<group>";
		};
		CA680E9D2A34B02F00B478CA /* toDoList--2023Tests */ = {
			isa = PBXGroup;
			children = (
				CA680E9E2A34B02F00B478CA /* toDoList__2023Tests.swift */,
			);
			path = "toDoList--2023Tests";
			sourceTree = "<group>";
		};
		CA680EA72A34B02F00B478CA /* toDoList--2023UITests */ = {
			isa = PBXGroup;
			children = (
				CA680EA82A34B02F00B478CA /* toDoList__2023UITests.swift */,
				CA680EAA2A34B02F00B478CA /* toDoList__2023UITestsLaunchTests.swift */,
			);
			path = "toDoList--2023UITests";
			sourceTree = "<group>";
		};
		CA680EB72A34B05800B478CA /* Models */ = {
			isa = PBXGroup;
			children = (
				CA680EB82A34B08600B478CA /* ToDoItem.swift */,
				CA4264362A385BB7000631EE /* FileCache.swift */,
				CA5C29EA2A40EF4F0045FB2C /* FileCacheErrors.swift */,
			);
			path = Models;
			sourceTree = "<group>";
		};
		CACD97F72A42324600BB6D7E /* Extension */ = {
			isa = PBXGroup;
			children = (
				CACD97F82A4232A100BB6D7E /* Notification.swift */,
				CACD98022A44FAA400BB6D7E /* UIColor.swift */,
				CACD97FC2A4318B500BB6D7E /* Colors.xcassets */,
			);
			path = Extension;
			sourceTree = "<group>";
		};
		CACD98062A45190200BB6D7E /* View */ = {
			isa = PBXGroup;
			children = (
				CACD97FE2A4482A600BB6D7E /* ColorPalletView.swift */,
			);
			path = View;
			sourceTree = "<group>";
		};
/* End PBXGroup section */

/* Begin PBXNativeTarget section */
		CA680E832A34B02B00B478CA /* toDoList--2023 */ = {
			isa = PBXNativeTarget;
			buildConfigurationList = CA680EAE2A34B02F00B478CA /* Build configuration list for PBXNativeTarget "toDoList--2023" */;
			buildPhases = (
				CA680E802A34B02B00B478CA /* Sources */,
				CA680E812A34B02B00B478CA /* Frameworks */,
				CA680E822A34B02B00B478CA /* Resources */,
			);
			buildRules = (
			);
			dependencies = (
			);
			name = "toDoList--2023";
			productName = "toDoList--2023";
			productReference = CA680E842A34B02B00B478CA /* toDoList--2023.app */;
			productType = "com.apple.product-type.application";
		};
		CA680E992A34B02F00B478CA /* toDoList--2023Tests */ = {
			isa = PBXNativeTarget;
			buildConfigurationList = CA680EB12A34B02F00B478CA /* Build configuration list for PBXNativeTarget "toDoList--2023Tests" */;
			buildPhases = (
				CA680E962A34B02F00B478CA /* Sources */,
				CA680E972A34B02F00B478CA /* Frameworks */,
				CA680E982A34B02F00B478CA /* Resources */,
			);
			buildRules = (
			);
			dependencies = (
				CA680E9C2A34B02F00B478CA /* PBXTargetDependency */,
			);
			name = "toDoList--2023Tests";
			productName = "toDoList--2023Tests";
			productReference = CA680E9A2A34B02F00B478CA /* toDoList--2023Tests.xctest */;
			productType = "com.apple.product-type.bundle.unit-test";
		};
		CA680EA32A34B02F00B478CA /* toDoList--2023UITests */ = {
			isa = PBXNativeTarget;
			buildConfigurationList = CA680EB42A34B02F00B478CA /* Build configuration list for PBXNativeTarget "toDoList--2023UITests" */;
			buildPhases = (
				CA680EA02A34B02F00B478CA /* Sources */,
				CA680EA12A34B02F00B478CA /* Frameworks */,
				CA680EA22A34B02F00B478CA /* Resources */,
			);
			buildRules = (
			);
			dependencies = (
				CA680EA62A34B02F00B478CA /* PBXTargetDependency */,
			);
			name = "toDoList--2023UITests";
			productName = "toDoList--2023UITests";
			productReference = CA680EA42A34B02F00B478CA /* toDoList--2023UITests.xctest */;
			productType = "com.apple.product-type.bundle.ui-testing";
		};
/* End PBXNativeTarget section */

/* Begin PBXProject section */
		CA680E7C2A34B02B00B478CA /* Project object */ = {
			isa = PBXProject;
			attributes = {
				BuildIndependentTargetsInParallel = 1;
				LastSwiftUpdateCheck = 1430;
				LastUpgradeCheck = 1430;
				TargetAttributes = {
					CA680E832A34B02B00B478CA = {
						CreatedOnToolsVersion = 14.3;
					};
					CA680E992A34B02F00B478CA = {
						CreatedOnToolsVersion = 14.3;
						TestTargetID = CA680E832A34B02B00B478CA;
					};
					CA680EA32A34B02F00B478CA = {
						CreatedOnToolsVersion = 14.3;
						TestTargetID = CA680E832A34B02B00B478CA;
					};
				};
			};
			buildConfigurationList = CA680E7F2A34B02B00B478CA /* Build configuration list for PBXProject "toDoList--2023" */;
			compatibilityVersion = "Xcode 14.0";
			developmentRegion = en;
			hasScannedForEncodings = 0;
			knownRegions = (
				en,
				Base,
			);
			mainGroup = CA680E7B2A34B02B00B478CA;
			productRefGroup = CA680E852A34B02B00B478CA /* Products */;
			projectDirPath = "";
			projectRoot = "";
			targets = (
				CA680E832A34B02B00B478CA /* toDoList--2023 */,
				CA680E992A34B02F00B478CA /* toDoList--2023Tests */,
				CA680EA32A34B02F00B478CA /* toDoList--2023UITests */,
			);
		};
/* End PBXProject section */

/* Begin PBXResourcesBuildPhase section */
		CA680E822A34B02B00B478CA /* Resources */ = {
			isa = PBXResourcesBuildPhase;
			buildActionMask = 2147483647;
			files = (
				CA680E942A34B02E00B478CA /* LaunchScreen.storyboard in Resources */,
				CACD97FD2A4318B500BB6D7E /* Colors.xcassets in Resources */,
				CA680E912A34B02E00B478CA /* Assets.xcassets in Resources */,
				CA680E8F2A34B02B00B478CA /* Main.storyboard in Resources */,
			);
			runOnlyForDeploymentPostprocessing = 0;
		};
		CA680E982A34B02F00B478CA /* Resources */ = {
			isa = PBXResourcesBuildPhase;
			buildActionMask = 2147483647;
			files = (
			);
			runOnlyForDeploymentPostprocessing = 0;
		};
		CA680EA22A34B02F00B478CA /* Resources */ = {
			isa = PBXResourcesBuildPhase;
			buildActionMask = 2147483647;
			files = (
			);
			runOnlyForDeploymentPostprocessing = 0;
		};
/* End PBXResourcesBuildPhase section */

/* Begin PBXSourcesBuildPhase section */
		CA680E802A34B02B00B478CA /* Sources */ = {
			isa = PBXSourcesBuildPhase;
			buildActionMask = 2147483647;
			files = (
				CA680E8C2A34B02B00B478CA /* TodoItemViewController.swift in Sources */,
				CA680E882A34B02B00B478CA /* AppDelegate.swift in Sources */,
				CA5C29EB2A40EF4F0045FB2C /* FileCacheErrors.swift in Sources */,
				CACD97F92A4232A100BB6D7E /* Notification.swift in Sources */,
				CA5C29EE2A419E500045FB2C /* FileCacheViewController.swift in Sources */,
				CACD98012A44842500BB6D7E /* CustomColorPickerViewController.swift in Sources */,
				CACD97FF2A4482A600BB6D7E /* ColorPalletView.swift in Sources */,
				CACD98032A44FAA400BB6D7E /* UIColor.swift in Sources */,
				CA680EB92A34B08600B478CA /* ToDoItem.swift in Sources */,
				CA4264372A385BB7000631EE /* FileCache.swift in Sources */,
				CA680E8A2A34B02B00B478CA /* SceneDelegate.swift in Sources */,
			);
			runOnlyForDeploymentPostprocessing = 0;
		};
		CA680E962A34B02F00B478CA /* Sources */ = {
			isa = PBXSourcesBuildPhase;
			buildActionMask = 2147483647;
			files = (
				CA680E9F2A34B02F00B478CA /* toDoList__2023Tests.swift in Sources */,
			);
			runOnlyForDeploymentPostprocessing = 0;
		};
		CA680EA02A34B02F00B478CA /* Sources */ = {
			isa = PBXSourcesBuildPhase;
			buildActionMask = 2147483647;
			files = (
				CA680EA92A34B02F00B478CA /* toDoList__2023UITests.swift in Sources */,
				CA680EAB2A34B02F00B478CA /* toDoList__2023UITestsLaunchTests.swift in Sources */,
			);
			runOnlyForDeploymentPostprocessing = 0;
		};
/* End PBXSourcesBuildPhase section */

/* Begin PBXTargetDependency section */
		CA680E9C2A34B02F00B478CA /* PBXTargetDependency */ = {
			isa = PBXTargetDependency;
			target = CA680E832A34B02B00B478CA /* toDoList--2023 */;
			targetProxy = CA680E9B2A34B02F00B478CA /* PBXContainerItemProxy */;
		};
		CA680EA62A34B02F00B478CA /* PBXTargetDependency */ = {
			isa = PBXTargetDependency;
			target = CA680E832A34B02B00B478CA /* toDoList--2023 */;
			targetProxy = CA680EA52A34B02F00B478CA /* PBXContainerItemProxy */;
		};
/* End PBXTargetDependency section */

/* Begin PBXVariantGroup section */
		CA680E8D2A34B02B00B478CA /* Main.storyboard */ = {
			isa = PBXVariantGroup;
			children = (
				CA680E8E2A34B02B00B478CA /* Base */,
			);
			name = Main.storyboard;
			sourceTree = "<group>";
		};
		CA680E922A34B02E00B478CA /* LaunchScreen.storyboard */ = {
			isa = PBXVariantGroup;
			children = (
				CA680E932A34B02E00B478CA /* Base */,
			);
			name = LaunchScreen.storyboard;
			sourceTree = "<group>";
		};
/* End PBXVariantGroup section */

/* Begin XCBuildConfiguration section */
		CA680EAC2A34B02F00B478CA /* Debug */ = {
			isa = XCBuildConfiguration;
			buildSettings = {
				ALWAYS_SEARCH_USER_PATHS = NO;
				CLANG_ANALYZER_NONNULL = YES;
				CLANG_ANALYZER_NUMBER_OBJECT_CONVERSION = YES_AGGRESSIVE;
				CLANG_CXX_LANGUAGE_STANDARD = "gnu++20";
				CLANG_ENABLE_MODULES = YES;
				CLANG_ENABLE_OBJC_ARC = YES;
				CLANG_ENABLE_OBJC_WEAK = YES;
				CLANG_WARN_BLOCK_CAPTURE_AUTORELEASING = YES;
				CLANG_WARN_BOOL_CONVERSION = YES;
				CLANG_WARN_COMMA = YES;
				CLANG_WARN_CONSTANT_CONVERSION = YES;
				CLANG_WARN_DEPRECATED_OBJC_IMPLEMENTATIONS = YES;
				CLANG_WARN_DIRECT_OBJC_ISA_USAGE = YES_ERROR;
				CLANG_WARN_DOCUMENTATION_COMMENTS = YES;
				CLANG_WARN_EMPTY_BODY = YES;
				CLANG_WARN_ENUM_CONVERSION = YES;
				CLANG_WARN_INFINITE_RECURSION = YES;
				CLANG_WARN_INT_CONVERSION = YES;
				CLANG_WARN_NON_LITERAL_NULL_CONVERSION = YES;
				CLANG_WARN_OBJC_IMPLICIT_RETAIN_SELF = YES;
				CLANG_WARN_OBJC_LITERAL_CONVERSION = YES;
				CLANG_WARN_OBJC_ROOT_CLASS = YES_ERROR;
				CLANG_WARN_QUOTED_INCLUDE_IN_FRAMEWORK_HEADER = YES;
				CLANG_WARN_RANGE_LOOP_ANALYSIS = YES;
				CLANG_WARN_STRICT_PROTOTYPES = YES;
				CLANG_WARN_SUSPICIOUS_MOVE = YES;
				CLANG_WARN_UNGUARDED_AVAILABILITY = YES_AGGRESSIVE;
				CLANG_WARN_UNREACHABLE_CODE = YES;
				CLANG_WARN__DUPLICATE_METHOD_MATCH = YES;
				COPY_PHASE_STRIP = NO;
				DEBUG_INFORMATION_FORMAT = dwarf;
				ENABLE_STRICT_OBJC_MSGSEND = YES;
				ENABLE_TESTABILITY = YES;
				GCC_C_LANGUAGE_STANDARD = gnu11;
				GCC_DYNAMIC_NO_PIC = NO;
				GCC_NO_COMMON_BLOCKS = YES;
				GCC_OPTIMIZATION_LEVEL = 0;
				GCC_PREPROCESSOR_DEFINITIONS = (
					"DEBUG=1",
					"$(inherited)",
				);
				GCC_WARN_64_TO_32_BIT_CONVERSION = YES;
				GCC_WARN_ABOUT_RETURN_TYPE = YES_ERROR;
				GCC_WARN_UNDECLARED_SELECTOR = YES;
				GCC_WARN_UNINITIALIZED_AUTOS = YES_AGGRESSIVE;
				GCC_WARN_UNUSED_FUNCTION = YES;
				GCC_WARN_UNUSED_VARIABLE = YES;
				IPHONEOS_DEPLOYMENT_TARGET = 16.4;
				MTL_ENABLE_DEBUG_INFO = INCLUDE_SOURCE;
				MTL_FAST_MATH = YES;
				ONLY_ACTIVE_ARCH = YES;
				SDKROOT = iphoneos;
				SWIFT_ACTIVE_COMPILATION_CONDITIONS = DEBUG;
				SWIFT_OPTIMIZATION_LEVEL = "-Onone";
			};
			name = Debug;
		};
		CA680EAD2A34B02F00B478CA /* Release */ = {
			isa = XCBuildConfiguration;
			buildSettings = {
				ALWAYS_SEARCH_USER_PATHS = NO;
				CLANG_ANALYZER_NONNULL = YES;
				CLANG_ANALYZER_NUMBER_OBJECT_CONVERSION = YES_AGGRESSIVE;
				CLANG_CXX_LANGUAGE_STANDARD = "gnu++20";
				CLANG_ENABLE_MODULES = YES;
				CLANG_ENABLE_OBJC_ARC = YES;
				CLANG_ENABLE_OBJC_WEAK = YES;
				CLANG_WARN_BLOCK_CAPTURE_AUTORELEASING = YES;
				CLANG_WARN_BOOL_CONVERSION = YES;
				CLANG_WARN_COMMA = YES;
				CLANG_WARN_CONSTANT_CONVERSION = YES;
				CLANG_WARN_DEPRECATED_OBJC_IMPLEMENTATIONS = YES;
				CLANG_WARN_DIRECT_OBJC_ISA_USAGE = YES_ERROR;
				CLANG_WARN_DOCUMENTATION_COMMENTS = YES;
				CLANG_WARN_EMPTY_BODY = YES;
				CLANG_WARN_ENUM_CONVERSION = YES;
				CLANG_WARN_INFINITE_RECURSION = YES;
				CLANG_WARN_INT_CONVERSION = YES;
				CLANG_WARN_NON_LITERAL_NULL_CONVERSION = YES;
				CLANG_WARN_OBJC_IMPLICIT_RETAIN_SELF = YES;
				CLANG_WARN_OBJC_LITERAL_CONVERSION = YES;
				CLANG_WARN_OBJC_ROOT_CLASS = YES_ERROR;
				CLANG_WARN_QUOTED_INCLUDE_IN_FRAMEWORK_HEADER = YES;
				CLANG_WARN_RANGE_LOOP_ANALYSIS = YES;
				CLANG_WARN_STRICT_PROTOTYPES = YES;
				CLANG_WARN_SUSPICIOUS_MOVE = YES;
				CLANG_WARN_UNGUARDED_AVAILABILITY = YES_AGGRESSIVE;
				CLANG_WARN_UNREACHABLE_CODE = YES;
				CLANG_WARN__DUPLICATE_METHOD_MATCH = YES;
				COPY_PHASE_STRIP = NO;
				DEBUG_INFORMATION_FORMAT = "dwarf-with-dsym";
				ENABLE_NS_ASSERTIONS = NO;
				ENABLE_STRICT_OBJC_MSGSEND = YES;
				GCC_C_LANGUAGE_STANDARD = gnu11;
				GCC_NO_COMMON_BLOCKS = YES;
				GCC_WARN_64_TO_32_BIT_CONVERSION = YES;
				GCC_WARN_ABOUT_RETURN_TYPE = YES_ERROR;
				GCC_WARN_UNDECLARED_SELECTOR = YES;
				GCC_WARN_UNINITIALIZED_AUTOS = YES_AGGRESSIVE;
				GCC_WARN_UNUSED_FUNCTION = YES;
				GCC_WARN_UNUSED_VARIABLE = YES;
				IPHONEOS_DEPLOYMENT_TARGET = 16.4;
				MTL_ENABLE_DEBUG_INFO = NO;
				MTL_FAST_MATH = YES;
				SDKROOT = iphoneos;
				SWIFT_COMPILATION_MODE = wholemodule;
				SWIFT_OPTIMIZATION_LEVEL = "-O";
				VALIDATE_PRODUCT = YES;
			};
			name = Release;
		};
		CA680EAF2A34B02F00B478CA /* Debug */ = {
			isa = XCBuildConfiguration;
			buildSettings = {
				ASSETCATALOG_COMPILER_APPICON_NAME = AppIcon;
				ASSETCATALOG_COMPILER_GLOBAL_ACCENT_COLOR_NAME = AccentColor;
				CODE_SIGN_STYLE = Automatic;
				CURRENT_PROJECT_VERSION = 1;
				DEVELOPMENT_TEAM = 2AFG9UBT5A;
				GENERATE_INFOPLIST_FILE = YES;
				INFOPLIST_FILE = "toDoList--2023/Info.plist";
				INFOPLIST_KEY_UIApplicationSupportsIndirectInputEvents = YES;
				INFOPLIST_KEY_UILaunchStoryboardName = LaunchScreen;
				INFOPLIST_KEY_UIMainStoryboardFile = Main;
				INFOPLIST_KEY_UISupportedInterfaceOrientations_iPad = "UIInterfaceOrientationPortrait UIInterfaceOrientationPortraitUpsideDown UIInterfaceOrientationLandscapeLeft UIInterfaceOrientationLandscapeRight";
				INFOPLIST_KEY_UISupportedInterfaceOrientations_iPhone = "UIInterfaceOrientationPortrait UIInterfaceOrientationLandscapeLeft UIInterfaceOrientationLandscapeRight";
				LD_RUNPATH_SEARCH_PATHS = (
					"$(inherited)",
					"@executable_path/Frameworks",
				);
				MARKETING_VERSION = 1.0;
				PRODUCT_BUNDLE_IDENTIFIER = "xd.toDoList--2023";
				PRODUCT_NAME = "$(TARGET_NAME)";
				SWIFT_EMIT_LOC_STRINGS = YES;
				SWIFT_VERSION = 5.0;
				TARGETED_DEVICE_FAMILY = "1,2";
			};
			name = Debug;
		};
		CA680EB02A34B02F00B478CA /* Release */ = {
			isa = XCBuildConfiguration;
			buildSettings = {
				ASSETCATALOG_COMPILER_APPICON_NAME = AppIcon;
				ASSETCATALOG_COMPILER_GLOBAL_ACCENT_COLOR_NAME = AccentColor;
				CODE_SIGN_STYLE = Automatic;
				CURRENT_PROJECT_VERSION = 1;
				DEVELOPMENT_TEAM = 2AFG9UBT5A;
				GENERATE_INFOPLIST_FILE = YES;
				INFOPLIST_FILE = "toDoList--2023/Info.plist";
				INFOPLIST_KEY_UIApplicationSupportsIndirectInputEvents = YES;
				INFOPLIST_KEY_UILaunchStoryboardName = LaunchScreen;
				INFOPLIST_KEY_UIMainStoryboardFile = Main;
				INFOPLIST_KEY_UISupportedInterfaceOrientations_iPad = "UIInterfaceOrientationPortrait UIInterfaceOrientationPortraitUpsideDown UIInterfaceOrientationLandscapeLeft UIInterfaceOrientationLandscapeRight";
				INFOPLIST_KEY_UISupportedInterfaceOrientations_iPhone = "UIInterfaceOrientationPortrait UIInterfaceOrientationLandscapeLeft UIInterfaceOrientationLandscapeRight";
				LD_RUNPATH_SEARCH_PATHS = (
					"$(inherited)",
					"@executable_path/Frameworks",
				);
				MARKETING_VERSION = 1.0;
				PRODUCT_BUNDLE_IDENTIFIER = "xd.toDoList--2023";
				PRODUCT_NAME = "$(TARGET_NAME)";
				SWIFT_EMIT_LOC_STRINGS = YES;
				SWIFT_VERSION = 5.0;
				TARGETED_DEVICE_FAMILY = "1,2";
			};
			name = Release;
		};
		CA680EB22A34B02F00B478CA /* Debug */ = {
			isa = XCBuildConfiguration;
			buildSettings = {
				ALWAYS_EMBED_SWIFT_STANDARD_LIBRARIES = YES;
				BUNDLE_LOADER = "$(TEST_HOST)";
				CODE_SIGN_STYLE = Automatic;
				CURRENT_PROJECT_VERSION = 1;
				DEVELOPMENT_TEAM = 2AFG9UBT5A;
				GENERATE_INFOPLIST_FILE = YES;
				IPHONEOS_DEPLOYMENT_TARGET = 16.4;
				MARKETING_VERSION = 1.0;
				PRODUCT_BUNDLE_IDENTIFIER = "xd.toDoList--2023Tests";
				PRODUCT_NAME = "$(TARGET_NAME)";
				SWIFT_EMIT_LOC_STRINGS = NO;
				SWIFT_VERSION = 5.0;
				TARGETED_DEVICE_FAMILY = "1,2";
				TEST_HOST = "$(BUILT_PRODUCTS_DIR)/toDoList--2023.app/$(BUNDLE_EXECUTABLE_FOLDER_PATH)/toDoList--2023";
			};
			name = Debug;
		};
		CA680EB32A34B02F00B478CA /* Release */ = {
			isa = XCBuildConfiguration;
			buildSettings = {
				ALWAYS_EMBED_SWIFT_STANDARD_LIBRARIES = YES;
				BUNDLE_LOADER = "$(TEST_HOST)";
				CODE_SIGN_STYLE = Automatic;
				CURRENT_PROJECT_VERSION = 1;
				DEVELOPMENT_TEAM = 2AFG9UBT5A;
				GENERATE_INFOPLIST_FILE = YES;
				IPHONEOS_DEPLOYMENT_TARGET = 16.4;
				MARKETING_VERSION = 1.0;
				PRODUCT_BUNDLE_IDENTIFIER = "xd.toDoList--2023Tests";
				PRODUCT_NAME = "$(TARGET_NAME)";
				SWIFT_EMIT_LOC_STRINGS = NO;
				SWIFT_VERSION = 5.0;
				TARGETED_DEVICE_FAMILY = "1,2";
				TEST_HOST = "$(BUILT_PRODUCTS_DIR)/toDoList--2023.app/$(BUNDLE_EXECUTABLE_FOLDER_PATH)/toDoList--2023";
			};
			name = Release;
		};
		CA680EB52A34B02F00B478CA /* Debug */ = {
			isa = XCBuildConfiguration;
			buildSettings = {
				ALWAYS_EMBED_SWIFT_STANDARD_LIBRARIES = YES;
				CODE_SIGN_STYLE = Automatic;
				CURRENT_PROJECT_VERSION = 1;
				DEVELOPMENT_TEAM = 2AFG9UBT5A;
				GENERATE_INFOPLIST_FILE = YES;
				MARKETING_VERSION = 1.0;
				PRODUCT_BUNDLE_IDENTIFIER = "xd.toDoList--2023UITests";
				PRODUCT_NAME = "$(TARGET_NAME)";
				SWIFT_EMIT_LOC_STRINGS = NO;
				SWIFT_VERSION = 5.0;
				TARGETED_DEVICE_FAMILY = "1,2";
				TEST_TARGET_NAME = "toDoList--2023";
			};
			name = Debug;
		};
		CA680EB62A34B02F00B478CA /* Release */ = {
			isa = XCBuildConfiguration;
			buildSettings = {
				ALWAYS_EMBED_SWIFT_STANDARD_LIBRARIES = YES;
				CODE_SIGN_STYLE = Automatic;
				CURRENT_PROJECT_VERSION = 1;
				DEVELOPMENT_TEAM = 2AFG9UBT5A;
				GENERATE_INFOPLIST_FILE = YES;
				MARKETING_VERSION = 1.0;
				PRODUCT_BUNDLE_IDENTIFIER = "xd.toDoList--2023UITests";
				PRODUCT_NAME = "$(TARGET_NAME)";
				SWIFT_EMIT_LOC_STRINGS = NO;
				SWIFT_VERSION = 5.0;
				TARGETED_DEVICE_FAMILY = "1,2";
				TEST_TARGET_NAME = "toDoList--2023";
			};
			name = Release;
		};
/* End XCBuildConfiguration section */

/* Begin XCConfigurationList section */
		CA680E7F2A34B02B00B478CA /* Build configuration list for PBXProject "toDoList--2023" */ = {
			isa = XCConfigurationList;
			buildConfigurations = (
				CA680EAC2A34B02F00B478CA /* Debug */,
				CA680EAD2A34B02F00B478CA /* Release */,
			);
			defaultConfigurationIsVisible = 0;
			defaultConfigurationName = Release;
		};
		CA680EAE2A34B02F00B478CA /* Build configuration list for PBXNativeTarget "toDoList--2023" */ = {
			isa = XCConfigurationList;
			buildConfigurations = (
				CA680EAF2A34B02F00B478CA /* Debug */,
				CA680EB02A34B02F00B478CA /* Release */,
			);
			defaultConfigurationIsVisible = 0;
			defaultConfigurationName = Release;
		};
		CA680EB12A34B02F00B478CA /* Build configuration list for PBXNativeTarget "toDoList--2023Tests" */ = {
			isa = XCConfigurationList;
			buildConfigurations = (
				CA680EB22A34B02F00B478CA /* Debug */,
				CA680EB32A34B02F00B478CA /* Release */,
			);
			defaultConfigurationIsVisible = 0;
			defaultConfigurationName = Release;
		};
		CA680EB42A34B02F00B478CA /* Build configuration list for PBXNativeTarget "toDoList--2023UITests" */ = {
			isa = XCConfigurationList;
			buildConfigurations = (
				CA680EB52A34B02F00B478CA /* Debug */,
				CA680EB62A34B02F00B478CA /* Release */,
			);
			defaultConfigurationIsVisible = 0;
			defaultConfigurationName = Release;
		};
/* End XCConfigurationList section */
	};
	rootObject = CA680E7C2A34B02B00B478CA /* Project object */;
}
