// !$*UTF8*$!
{
	archiveVersion = 1;
	classes = {
	};
	objectVersion = 56;
	objects = {

/* Begin PBXBuildFile section */
		4652726E15D1EC07CC58D63A /* Pods_toDoList__2023_toDoList__2023UITests.framework in Frameworks */ = {isa = PBXBuildFile; fileRef = 864F56BCC1FAB3943EB3EF44 /* Pods_toDoList__2023_toDoList__2023UITests.framework */; };
		5A3374233087B0ABA5F49489 /* Pods_toDoList__2023Tests.framework in Frameworks */ = {isa = PBXBuildFile; fileRef = 817E435DEA9C2EE025D05DD9 /* Pods_toDoList__2023Tests.framework */; };
		CA19BA3A2A4DBE1A0092469A /* CustomTableView.swift in Sources */ = {isa = PBXBuildFile; fileRef = CA19BA392A4DBE1A0092469A /* CustomTableView.swift */; };
		CA19BA452A4ED5B40092469A /* TransitioninDelegate.swift in Sources */ = {isa = PBXBuildFile; fileRef = CA19BA442A4ED5B40092469A /* TransitioninDelegate.swift */; };
		CA19BA472A4ED8E00092469A /* TransitionAnimation.swift in Sources */ = {isa = PBXBuildFile; fileRef = CA19BA462A4ED8E00092469A /* TransitionAnimation.swift */; };
		CA4264372A385BB7000631EE /* FileCache.swift in Sources */ = {isa = PBXBuildFile; fileRef = CA4264362A385BB7000631EE /* FileCache.swift */; };
		CA5C29EB2A40EF4F0045FB2C /* FileCacheErrors.swift in Sources */ = {isa = PBXBuildFile; fileRef = CA5C29EA2A40EF4F0045FB2C /* FileCacheErrors.swift */; };
		CA5C29EE2A419E500045FB2C /* MainViewController.swift in Sources */ = {isa = PBXBuildFile; fileRef = CA5C29ED2A419E500045FB2C /* MainViewController.swift */; };
		CA680E882A34B02B00B478CA /* AppDelegate.swift in Sources */ = {isa = PBXBuildFile; fileRef = CA680E872A34B02B00B478CA /* AppDelegate.swift */; };
		CA680E8A2A34B02B00B478CA /* SceneDelegate.swift in Sources */ = {isa = PBXBuildFile; fileRef = CA680E892A34B02B00B478CA /* SceneDelegate.swift */; };
		CA680E8C2A34B02B00B478CA /* TodoItemViewController.swift in Sources */ = {isa = PBXBuildFile; fileRef = CA680E8B2A34B02B00B478CA /* TodoItemViewController.swift */; };
		CA680E8F2A34B02B00B478CA /* Main.storyboard in Resources */ = {isa = PBXBuildFile; fileRef = CA680E8D2A34B02B00B478CA /* Main.storyboard */; };
		CA680E912A34B02E00B478CA /* Assets.xcassets in Resources */ = {isa = PBXBuildFile; fileRef = CA680E902A34B02E00B478CA /* Assets.xcassets */; };
		CA680E942A34B02E00B478CA /* LaunchScreen.storyboard in Resources */ = {isa = PBXBuildFile; fileRef = CA680E922A34B02E00B478CA /* LaunchScreen.storyboard */; };
		CA680E9F2A34B02F00B478CA /* toDoList__2023Tests.swift in Sources */ = {isa = PBXBuildFile; fileRef = CA680E9E2A34B02F00B478CA /* toDoList__2023Tests.swift */; };
		CA680EA92A34B02F00B478CA /* toDoList__2023UITests.swift in Sources */ = {isa = PBXBuildFile; fileRef = CA680EA82A34B02F00B478CA /* toDoList__2023UITests.swift */; };
		CA680EAB2A34B02F00B478CA /* toDoList__2023UITestsLaunchTests.swift in Sources */ = {isa = PBXBuildFile; fileRef = CA680EAA2A34B02F00B478CA /* toDoList__2023UITestsLaunchTests.swift */; };
		CA6D39102A49D1D500B11DD9 /* MainView.swift in Sources */ = {isa = PBXBuildFile; fileRef = CA6D390F2A49D1D500B11DD9 /* MainView.swift */; };
		CA6D39122A49D21400B11DD9 /* CompleteBarView.swift in Sources */ = {isa = PBXBuildFile; fileRef = CA6D39112A49D21400B11DD9 /* CompleteBarView.swift */; };
		CA6D39142A4A1FE500B11DD9 /* ItemTableViewCell.swift in Sources */ = {isa = PBXBuildFile; fileRef = CA6D39132A4A1FE500B11DD9 /* ItemTableViewCell.swift */; };
		CA6D39162A4B0FF100B11DD9 /* UILabel.swift in Sources */ = {isa = PBXBuildFile; fileRef = CA6D39152A4B0FF100B11DD9 /* UILabel.swift */; };
		CAB7B9C12A69821D00D39BBA /* Mock Data.swift in Sources */ = {isa = PBXBuildFile; fileRef = CAB7B9C02A69821D00D39BBA /* Mock Data.swift */; };
		CAB7B9C22A69854000D39BBA /* ToDoItem.swift in Sources */ = {isa = PBXBuildFile; fileRef = CA680EB82A34B08600B478CA /* ToDoItem.swift */; };
		CAB7B9C42A69855600D39BBA /* ToDoItem.swift in Sources */ = {isa = PBXBuildFile; fileRef = CAB7B9C32A69855600D39BBA /* ToDoItem.swift */; };
		CABD9C5A2A69F86E006F1DF2 /* ToDoItemDetailedView.swift in Sources */ = {isa = PBXBuildFile; fileRef = CABD9C592A69F86E006F1DF2 /* ToDoItemDetailedView.swift */; };
		CACD94A42A540ABB00DAB123 /* URLSession.swift in Sources */ = {isa = PBXBuildFile; fileRef = CACD94A32A540ABB00DAB123 /* URLSession.swift */; };
		CACD94A72A5462F500DAB123 /* NetworkingService.swift in Sources */ = {isa = PBXBuildFile; fileRef = CACD94A62A5462F500DAB123 /* NetworkingService.swift */; };
		CACD94A92A5465E200DAB123 /* DefaultNetworkingService.swift in Sources */ = {isa = PBXBuildFile; fileRef = CACD94A82A5465E200DAB123 /* DefaultNetworkingService.swift */; };
		CACD94AB2A56B74600DAB123 /* ItemsDTO.swift in Sources */ = {isa = PBXBuildFile; fileRef = CACD94AA2A56B74600DAB123 /* ItemsDTO.swift */; };
		CACD94AE2A56D07300DAB123 /* ToDoItemDTO.swift in Sources */ = {isa = PBXBuildFile; fileRef = CACD94AD2A56D07300DAB123 /* ToDoItemDTO.swift */; };
		CACD94B02A56FA2400DAB123 /* ItemDTO.swift in Sources */ = {isa = PBXBuildFile; fileRef = CACD94AF2A56FA2300DAB123 /* ItemDTO.swift */; };
		CACD97F92A4232A100BB6D7E /* Notification.swift in Sources */ = {isa = PBXBuildFile; fileRef = CACD97F82A4232A100BB6D7E /* Notification.swift */; };
		CACD97FD2A4318B500BB6D7E /* Colors.xcassets in Resources */ = {isa = PBXBuildFile; fileRef = CACD97FC2A4318B500BB6D7E /* Colors.xcassets */; };
		CACD97FF2A4482A600BB6D7E /* ColorPalletView.swift in Sources */ = {isa = PBXBuildFile; fileRef = CACD97FE2A4482A600BB6D7E /* ColorPalletView.swift */; };
		CACD98012A44842500BB6D7E /* CustomColorPickerViewController.swift in Sources */ = {isa = PBXBuildFile; fileRef = CACD98002A44842500BB6D7E /* CustomColorPickerViewController.swift */; };
		CACD98032A44FAA400BB6D7E /* UIColor.swift in Sources */ = {isa = PBXBuildFile; fileRef = CACD98022A44FAA400BB6D7E /* UIColor.swift */; };
		CADEC5512A5ED3480076267D /* SQLDataStorage.swift in Sources */ = {isa = PBXBuildFile; fileRef = CADEC5502A5ED3480076267D /* SQLDataStorage.swift */; };
		CADEC5542A5ED4B80076267D /* SQLite in Frameworks */ = {isa = PBXBuildFile; productRef = CADEC5532A5ED4B80076267D /* SQLite */; };
		CADEC5562A5ED9070076267D /* ToDoItem+SQLite.swift in Sources */ = {isa = PBXBuildFile; fileRef = CADEC5552A5ED9070076267D /* ToDoItem+SQLite.swift */; };
		CADEC5582A5EE40B0076267D /* FileCache+SQLite.swift in Sources */ = {isa = PBXBuildFile; fileRef = CADEC5572A5EE40B0076267D /* FileCache+SQLite.swift */; };
		CADEC55E2A6037090076267D /* CoreDataStorage.swift in Sources */ = {isa = PBXBuildFile; fileRef = CADEC55D2A6037090076267D /* CoreDataStorage.swift */; };
		CADEC5612A60430C0076267D /* CoreDataDatabase.xcdatamodeld in Sources */ = {isa = PBXBuildFile; fileRef = CADEC55F2A60430C0076267D /* CoreDataDatabase.xcdatamodeld */; };
		CADEC5632A6046990076267D /* FileCache+CoreData.swift in Sources */ = {isa = PBXBuildFile; fileRef = CADEC5622A6046990076267D /* FileCache+CoreData.swift */; };
		CADEC5652A6070B40076267D /* ToDoItem+CoreData.swift in Sources */ = {isa = PBXBuildFile; fileRef = CADEC5642A6070B40076267D /* ToDoItem+CoreData.swift */; };
		CADEC56D2A6927800076267D /* toDoList__2023_SwiftUIApp.swift in Sources */ = {isa = PBXBuildFile; fileRef = CADEC56C2A6927800076267D /* toDoList__2023_SwiftUIApp.swift */; };
		CADEC56F2A6927800076267D /* ContentView.swift in Sources */ = {isa = PBXBuildFile; fileRef = CADEC56E2A6927800076267D /* ContentView.swift */; };
		CADEC5712A6927830076267D /* Assets.xcassets in Resources */ = {isa = PBXBuildFile; fileRef = CADEC5702A6927830076267D /* Assets.xcassets */; };
		CADEC5742A6927830076267D /* Preview Assets.xcassets in Resources */ = {isa = PBXBuildFile; fileRef = CADEC5732A6927830076267D /* Preview Assets.xcassets */; };
		CADEC57E2A6927840076267D /* toDoList__2023_SwiftUITests.swift in Sources */ = {isa = PBXBuildFile; fileRef = CADEC57D2A6927840076267D /* toDoList__2023_SwiftUITests.swift */; };
		CADEC5882A6927840076267D /* toDoList__2023_SwiftUIUITests.swift in Sources */ = {isa = PBXBuildFile; fileRef = CADEC5872A6927840076267D /* toDoList__2023_SwiftUIUITests.swift */; };
		CADEC58A2A6927840076267D /* toDoList__2023_SwiftUIUITestsLaunchTests.swift in Sources */ = {isa = PBXBuildFile; fileRef = CADEC5892A6927840076267D /* toDoList__2023_SwiftUIUITestsLaunchTests.swift */; };
		CADEC59A2A692F3D0076267D /* ToDoItemDTO.swift in Sources */ = {isa = PBXBuildFile; fileRef = CACD94AD2A56D07300DAB123 /* ToDoItemDTO.swift */; };
		CADEC59B2A69310C0076267D /* ToDoItemCellView.swift in Sources */ = {isa = PBXBuildFile; fileRef = CADEC5942A692A190076267D /* ToDoItemCellView.swift */; };
		E8209C964C429636DA3D25D1 /* Pods_toDoList__2023.framework in Frameworks */ = {isa = PBXBuildFile; fileRef = FCD321EE663BFA5FDECAA553 /* Pods_toDoList__2023.framework */; };
/* End PBXBuildFile section */

/* Begin PBXContainerItemProxy section */
		CA680E9B2A34B02F00B478CA /* PBXContainerItemProxy */ = {
			isa = PBXContainerItemProxy;
			containerPortal = CA680E7C2A34B02B00B478CA /* Project object */;
			proxyType = 1;
			remoteGlobalIDString = CA680E832A34B02B00B478CA;
			remoteInfo = "toDoList--2023";
		};
		CA680EA52A34B02F00B478CA /* PBXContainerItemProxy */ = {
			isa = PBXContainerItemProxy;
			containerPortal = CA680E7C2A34B02B00B478CA /* Project object */;
			proxyType = 1;
			remoteGlobalIDString = CA680E832A34B02B00B478CA;
			remoteInfo = "toDoList--2023";
		};
		CADEC57A2A6927840076267D /* PBXContainerItemProxy */ = {
			isa = PBXContainerItemProxy;
			containerPortal = CA680E7C2A34B02B00B478CA /* Project object */;
			proxyType = 1;
			remoteGlobalIDString = CADEC5692A6927800076267D;
			remoteInfo = "toDoList--2023-SwiftUI";
		};
		CADEC5842A6927840076267D /* PBXContainerItemProxy */ = {
			isa = PBXContainerItemProxy;
			containerPortal = CA680E7C2A34B02B00B478CA /* Project object */;
			proxyType = 1;
			remoteGlobalIDString = CADEC5692A6927800076267D;
			remoteInfo = "toDoList--2023-SwiftUI";
		};
/* End PBXContainerItemProxy section */

/* Begin PBXFileReference section */
		10CBBDF48958A728DB42DA63 /* Pods-toDoList--2023-toDoList--2023UITests.debug.xcconfig */ = {isa = PBXFileReference; includeInIndex = 1; lastKnownFileType = text.xcconfig; name = "Pods-toDoList--2023-toDoList--2023UITests.debug.xcconfig"; path = "Target Support Files/Pods-toDoList--2023-toDoList--2023UITests/Pods-toDoList--2023-toDoList--2023UITests.debug.xcconfig"; sourceTree = "<group>"; };
		2FAC0BDBB33F4F6547AF5000 /* Pods-toDoList--2023Tests.release.xcconfig */ = {isa = PBXFileReference; includeInIndex = 1; lastKnownFileType = text.xcconfig; name = "Pods-toDoList--2023Tests.release.xcconfig"; path = "Target Support Files/Pods-toDoList--2023Tests/Pods-toDoList--2023Tests.release.xcconfig"; sourceTree = "<group>"; };
		3145B3312DE457799824524D /* Pods-toDoList--2023.debug.xcconfig */ = {isa = PBXFileReference; includeInIndex = 1; lastKnownFileType = text.xcconfig; name = "Pods-toDoList--2023.debug.xcconfig"; path = "Target Support Files/Pods-toDoList--2023/Pods-toDoList--2023.debug.xcconfig"; sourceTree = "<group>"; };
		817E435DEA9C2EE025D05DD9 /* Pods_toDoList__2023Tests.framework */ = {isa = PBXFileReference; explicitFileType = wrapper.framework; includeInIndex = 0; path = Pods_toDoList__2023Tests.framework; sourceTree = BUILT_PRODUCTS_DIR; };
		864F56BCC1FAB3943EB3EF44 /* Pods_toDoList__2023_toDoList__2023UITests.framework */ = {isa = PBXFileReference; explicitFileType = wrapper.framework; includeInIndex = 0; path = Pods_toDoList__2023_toDoList__2023UITests.framework; sourceTree = BUILT_PRODUCTS_DIR; };
		90DC0902528515D10AA3590A /* Pods-toDoList--2023Tests.debug.xcconfig */ = {isa = PBXFileReference; includeInIndex = 1; lastKnownFileType = text.xcconfig; name = "Pods-toDoList--2023Tests.debug.xcconfig"; path = "Target Support Files/Pods-toDoList--2023Tests/Pods-toDoList--2023Tests.debug.xcconfig"; sourceTree = "<group>"; };
		CA19BA392A4DBE1A0092469A /* CustomTableView.swift */ = {isa = PBXFileReference; lastKnownFileType = sourcecode.swift; path = CustomTableView.swift; sourceTree = "<group>"; };
		CA19BA442A4ED5B40092469A /* TransitioninDelegate.swift */ = {isa = PBXFileReference; lastKnownFileType = sourcecode.swift; path = TransitioninDelegate.swift; sourceTree = "<group>"; };
		CA19BA462A4ED8E00092469A /* TransitionAnimation.swift */ = {isa = PBXFileReference; lastKnownFileType = sourcecode.swift; path = TransitionAnimation.swift; sourceTree = "<group>"; };
		CA4264362A385BB7000631EE /* FileCache.swift */ = {isa = PBXFileReference; lastKnownFileType = sourcecode.swift; path = FileCache.swift; sourceTree = "<group>"; };
		CA5738A62A3B7B1B008F5ADF /* toDoList--2023.xctestplan */ = {isa = PBXFileReference; lastKnownFileType = text; path = "toDoList--2023.xctestplan"; sourceTree = "<group>"; };
		CA5C29EA2A40EF4F0045FB2C /* FileCacheErrors.swift */ = {isa = PBXFileReference; lastKnownFileType = sourcecode.swift; path = FileCacheErrors.swift; sourceTree = "<group>"; };
		CA5C29ED2A419E500045FB2C /* MainViewController.swift */ = {isa = PBXFileReference; lastKnownFileType = sourcecode.swift; path = MainViewController.swift; sourceTree = "<group>"; };
		CA680E842A34B02B00B478CA /* toDoList--2023.app */ = {isa = PBXFileReference; explicitFileType = wrapper.application; includeInIndex = 0; path = "toDoList--2023.app"; sourceTree = BUILT_PRODUCTS_DIR; };
		CA680E872A34B02B00B478CA /* AppDelegate.swift */ = {isa = PBXFileReference; lastKnownFileType = sourcecode.swift; path = AppDelegate.swift; sourceTree = "<group>"; };
		CA680E892A34B02B00B478CA /* SceneDelegate.swift */ = {isa = PBXFileReference; lastKnownFileType = sourcecode.swift; path = SceneDelegate.swift; sourceTree = "<group>"; };
		CA680E8B2A34B02B00B478CA /* TodoItemViewController.swift */ = {isa = PBXFileReference; lastKnownFileType = sourcecode.swift; path = TodoItemViewController.swift; sourceTree = "<group>"; };
		CA680E8E2A34B02B00B478CA /* Base */ = {isa = PBXFileReference; lastKnownFileType = file.storyboard; name = Base; path = Base.lproj/Main.storyboard; sourceTree = "<group>"; };
		CA680E902A34B02E00B478CA /* Assets.xcassets */ = {isa = PBXFileReference; lastKnownFileType = folder.assetcatalog; path = Assets.xcassets; sourceTree = "<group>"; };
		CA680E932A34B02E00B478CA /* Base */ = {isa = PBXFileReference; lastKnownFileType = file.storyboard; name = Base; path = Base.lproj/LaunchScreen.storyboard; sourceTree = "<group>"; };
		CA680E952A34B02E00B478CA /* Info.plist */ = {isa = PBXFileReference; lastKnownFileType = text.plist.xml; path = Info.plist; sourceTree = "<group>"; };
		CA680E9A2A34B02F00B478CA /* toDoList--2023Tests.xctest */ = {isa = PBXFileReference; explicitFileType = wrapper.cfbundle; includeInIndex = 0; path = "toDoList--2023Tests.xctest"; sourceTree = BUILT_PRODUCTS_DIR; };
		CA680E9E2A34B02F00B478CA /* toDoList__2023Tests.swift */ = {isa = PBXFileReference; lastKnownFileType = sourcecode.swift; path = toDoList__2023Tests.swift; sourceTree = "<group>"; };
		CA680EA42A34B02F00B478CA /* toDoList--2023UITests.xctest */ = {isa = PBXFileReference; explicitFileType = wrapper.cfbundle; includeInIndex = 0; path = "toDoList--2023UITests.xctest"; sourceTree = BUILT_PRODUCTS_DIR; };
		CA680EA82A34B02F00B478CA /* toDoList__2023UITests.swift */ = {isa = PBXFileReference; lastKnownFileType = sourcecode.swift; path = toDoList__2023UITests.swift; sourceTree = "<group>"; };
		CA680EAA2A34B02F00B478CA /* toDoList__2023UITestsLaunchTests.swift */ = {isa = PBXFileReference; lastKnownFileType = sourcecode.swift; path = toDoList__2023UITestsLaunchTests.swift; sourceTree = "<group>"; };
		CA680EB82A34B08600B478CA /* ToDoItem.swift */ = {isa = PBXFileReference; lastKnownFileType = sourcecode.swift; path = ToDoItem.swift; sourceTree = "<group>"; };
		CA6D390F2A49D1D500B11DD9 /* MainView.swift */ = {isa = PBXFileReference; lastKnownFileType = sourcecode.swift; path = MainView.swift; sourceTree = "<group>"; };
		CA6D39112A49D21400B11DD9 /* CompleteBarView.swift */ = {isa = PBXFileReference; lastKnownFileType = sourcecode.swift; path = CompleteBarView.swift; sourceTree = "<group>"; };
		CA6D39132A4A1FE500B11DD9 /* ItemTableViewCell.swift */ = {isa = PBXFileReference; lastKnownFileType = sourcecode.swift; path = ItemTableViewCell.swift; sourceTree = "<group>"; };
		CA6D39152A4B0FF100B11DD9 /* UILabel.swift */ = {isa = PBXFileReference; lastKnownFileType = sourcecode.swift; path = UILabel.swift; sourceTree = "<group>"; };
		CAB7B9C02A69821D00D39BBA /* Mock Data.swift */ = {isa = PBXFileReference; lastKnownFileType = sourcecode.swift; path = "Mock Data.swift"; sourceTree = "<group>"; };
		CAB7B9C32A69855600D39BBA /* ToDoItem.swift */ = {isa = PBXFileReference; lastKnownFileType = sourcecode.swift; path = ToDoItem.swift; sourceTree = "<group>"; };
		CABD9C592A69F86E006F1DF2 /* ToDoItemDetailedView.swift */ = {isa = PBXFileReference; lastKnownFileType = sourcecode.swift; path = ToDoItemDetailedView.swift; sourceTree = "<group>"; };
		CACD94A32A540ABB00DAB123 /* URLSession.swift */ = {isa = PBXFileReference; lastKnownFileType = sourcecode.swift; path = URLSession.swift; sourceTree = "<group>"; };
		CACD94A62A5462F500DAB123 /* NetworkingService.swift */ = {isa = PBXFileReference; lastKnownFileType = sourcecode.swift; path = NetworkingService.swift; sourceTree = "<group>"; };
		CACD94A82A5465E200DAB123 /* DefaultNetworkingService.swift */ = {isa = PBXFileReference; lastKnownFileType = sourcecode.swift; path = DefaultNetworkingService.swift; sourceTree = "<group>"; };
		CACD94AA2A56B74600DAB123 /* ItemsDTO.swift */ = {isa = PBXFileReference; lastKnownFileType = sourcecode.swift; path = ItemsDTO.swift; sourceTree = "<group>"; };
		CACD94AD2A56D07300DAB123 /* ToDoItemDTO.swift */ = {isa = PBXFileReference; lastKnownFileType = sourcecode.swift; path = ToDoItemDTO.swift; sourceTree = "<group>"; };
		CACD94AF2A56FA2300DAB123 /* ItemDTO.swift */ = {isa = PBXFileReference; lastKnownFileType = sourcecode.swift; path = ItemDTO.swift; sourceTree = "<group>"; };
		CACD97F82A4232A100BB6D7E /* Notification.swift */ = {isa = PBXFileReference; lastKnownFileType = sourcecode.swift; path = Notification.swift; sourceTree = "<group>"; };
		CACD97FC2A4318B500BB6D7E /* Colors.xcassets */ = {isa = PBXFileReference; lastKnownFileType = folder.assetcatalog; path = Colors.xcassets; sourceTree = "<group>"; };
		CACD97FE2A4482A600BB6D7E /* ColorPalletView.swift */ = {isa = PBXFileReference; lastKnownFileType = sourcecode.swift; path = ColorPalletView.swift; sourceTree = "<group>"; };
		CACD98002A44842500BB6D7E /* CustomColorPickerViewController.swift */ = {isa = PBXFileReference; lastKnownFileType = sourcecode.swift; path = CustomColorPickerViewController.swift; sourceTree = "<group>"; };
		CACD98022A44FAA400BB6D7E /* UIColor.swift */ = {isa = PBXFileReference; lastKnownFileType = sourcecode.swift; path = UIColor.swift; sourceTree = "<group>"; };
		CADEC5502A5ED3480076267D /* SQLDataStorage.swift */ = {isa = PBXFileReference; lastKnownFileType = sourcecode.swift; path = SQLDataStorage.swift; sourceTree = "<group>"; };
		CADEC5552A5ED9070076267D /* ToDoItem+SQLite.swift */ = {isa = PBXFileReference; lastKnownFileType = sourcecode.swift; path = "ToDoItem+SQLite.swift"; sourceTree = "<group>"; };
		CADEC5572A5EE40B0076267D /* FileCache+SQLite.swift */ = {isa = PBXFileReference; lastKnownFileType = sourcecode.swift; path = "FileCache+SQLite.swift"; sourceTree = "<group>"; };
		CADEC55D2A6037090076267D /* CoreDataStorage.swift */ = {isa = PBXFileReference; lastKnownFileType = sourcecode.swift; path = CoreDataStorage.swift; sourceTree = "<group>"; };
		CADEC5602A60430C0076267D /* CoreDataDatabase.xcdatamodel */ = {isa = PBXFileReference; lastKnownFileType = wrapper.xcdatamodel; path = CoreDataDatabase.xcdatamodel; sourceTree = "<group>"; };
		CADEC5622A6046990076267D /* FileCache+CoreData.swift */ = {isa = PBXFileReference; lastKnownFileType = sourcecode.swift; path = "FileCache+CoreData.swift"; sourceTree = "<group>"; };
		CADEC5642A6070B40076267D /* ToDoItem+CoreData.swift */ = {isa = PBXFileReference; lastKnownFileType = sourcecode.swift; path = "ToDoItem+CoreData.swift"; sourceTree = "<group>"; };
		CADEC56A2A6927800076267D /* toDoList--2023-SwiftUI.app */ = {isa = PBXFileReference; explicitFileType = wrapper.application; includeInIndex = 0; path = "toDoList--2023-SwiftUI.app"; sourceTree = BUILT_PRODUCTS_DIR; };
		CADEC56C2A6927800076267D /* toDoList__2023_SwiftUIApp.swift */ = {isa = PBXFileReference; lastKnownFileType = sourcecode.swift; path = toDoList__2023_SwiftUIApp.swift; sourceTree = "<group>"; };
		CADEC56E2A6927800076267D /* ContentView.swift */ = {isa = PBXFileReference; lastKnownFileType = sourcecode.swift; path = ContentView.swift; sourceTree = "<group>"; };
		CADEC5702A6927830076267D /* Assets.xcassets */ = {isa = PBXFileReference; lastKnownFileType = folder.assetcatalog; path = Assets.xcassets; sourceTree = "<group>"; };
		CADEC5732A6927830076267D /* Preview Assets.xcassets */ = {isa = PBXFileReference; lastKnownFileType = folder.assetcatalog; path = "Preview Assets.xcassets"; sourceTree = "<group>"; };
		CADEC5792A6927840076267D /* toDoList--2023-SwiftUITests.xctest */ = {isa = PBXFileReference; explicitFileType = wrapper.cfbundle; includeInIndex = 0; path = "toDoList--2023-SwiftUITests.xctest"; sourceTree = BUILT_PRODUCTS_DIR; };
		CADEC57D2A6927840076267D /* toDoList__2023_SwiftUITests.swift */ = {isa = PBXFileReference; lastKnownFileType = sourcecode.swift; path = toDoList__2023_SwiftUITests.swift; sourceTree = "<group>"; };
		CADEC5832A6927840076267D /* toDoList--2023-SwiftUIUITests.xctest */ = {isa = PBXFileReference; explicitFileType = wrapper.cfbundle; includeInIndex = 0; path = "toDoList--2023-SwiftUIUITests.xctest"; sourceTree = BUILT_PRODUCTS_DIR; };
		CADEC5872A6927840076267D /* toDoList__2023_SwiftUIUITests.swift */ = {isa = PBXFileReference; lastKnownFileType = sourcecode.swift; path = toDoList__2023_SwiftUIUITests.swift; sourceTree = "<group>"; };
		CADEC5892A6927840076267D /* toDoList__2023_SwiftUIUITestsLaunchTests.swift */ = {isa = PBXFileReference; lastKnownFileType = sourcecode.swift; path = toDoList__2023_SwiftUIUITestsLaunchTests.swift; sourceTree = "<group>"; };
		CADEC5942A692A190076267D /* ToDoItemCellView.swift */ = {isa = PBXFileReference; lastKnownFileType = sourcecode.swift; path = ToDoItemCellView.swift; sourceTree = "<group>"; };
		D5946974E6D3736E0A184D25 /* Pods-toDoList--2023-toDoList--2023UITests.release.xcconfig */ = {isa = PBXFileReference; includeInIndex = 1; lastKnownFileType = text.xcconfig; name = "Pods-toDoList--2023-toDoList--2023UITests.release.xcconfig"; path = "Target Support Files/Pods-toDoList--2023-toDoList--2023UITests/Pods-toDoList--2023-toDoList--2023UITests.release.xcconfig"; sourceTree = "<group>"; };
		FCD321EE663BFA5FDECAA553 /* Pods_toDoList__2023.framework */ = {isa = PBXFileReference; explicitFileType = wrapper.framework; includeInIndex = 0; path = Pods_toDoList__2023.framework; sourceTree = BUILT_PRODUCTS_DIR; };
		FDD078482A99BB04A32EE911 /* Pods-toDoList--2023.release.xcconfig */ = {isa = PBXFileReference; includeInIndex = 1; lastKnownFileType = text.xcconfig; name = "Pods-toDoList--2023.release.xcconfig"; path = "Target Support Files/Pods-toDoList--2023/Pods-toDoList--2023.release.xcconfig"; sourceTree = "<group>"; };
/* End PBXFileReference section */

/* Begin PBXFrameworksBuildPhase section */
		CA680E812A34B02B00B478CA /* Frameworks */ = {
			isa = PBXFrameworksBuildPhase;
			buildActionMask = 2147483647;
			files = (
				CADEC5542A5ED4B80076267D /* SQLite in Frameworks */,
				E8209C964C429636DA3D25D1 /* Pods_toDoList__2023.framework in Frameworks */,
			);
			runOnlyForDeploymentPostprocessing = 0;
		};
		CA680E972A34B02F00B478CA /* Frameworks */ = {
			isa = PBXFrameworksBuildPhase;
			buildActionMask = 2147483647;
			files = (
				5A3374233087B0ABA5F49489 /* Pods_toDoList__2023Tests.framework in Frameworks */,
			);
			runOnlyForDeploymentPostprocessing = 0;
		};
		CA680EA12A34B02F00B478CA /* Frameworks */ = {
			isa = PBXFrameworksBuildPhase;
			buildActionMask = 2147483647;
			files = (
				4652726E15D1EC07CC58D63A /* Pods_toDoList__2023_toDoList__2023UITests.framework in Frameworks */,
			);
			runOnlyForDeploymentPostprocessing = 0;
		};
		CADEC5672A6927800076267D /* Frameworks */ = {
			isa = PBXFrameworksBuildPhase;
			buildActionMask = 2147483647;
			files = (
			);
			runOnlyForDeploymentPostprocessing = 0;
		};
		CADEC5762A6927840076267D /* Frameworks */ = {
			isa = PBXFrameworksBuildPhase;
			buildActionMask = 2147483647;
			files = (
			);
			runOnlyForDeploymentPostprocessing = 0;
		};
		CADEC5802A6927840076267D /* Frameworks */ = {
			isa = PBXFrameworksBuildPhase;
			buildActionMask = 2147483647;
			files = (
			);
			runOnlyForDeploymentPostprocessing = 0;
		};
/* End PBXFrameworksBuildPhase section */

/* Begin PBXGroup section */
		5A53473B910E27B255E90369 /* Frameworks */ = {
			isa = PBXGroup;
			children = (
				FCD321EE663BFA5FDECAA553 /* Pods_toDoList__2023.framework */,
				864F56BCC1FAB3943EB3EF44 /* Pods_toDoList__2023_toDoList__2023UITests.framework */,
				817E435DEA9C2EE025D05DD9 /* Pods_toDoList__2023Tests.framework */,
			);
			name = Frameworks;
			sourceTree = "<group>";
		};
		641B72ADBBC525146D317233 /* Pods */ = {
			isa = PBXGroup;
			children = (
				3145B3312DE457799824524D /* Pods-toDoList--2023.debug.xcconfig */,
				FDD078482A99BB04A32EE911 /* Pods-toDoList--2023.release.xcconfig */,
				10CBBDF48958A728DB42DA63 /* Pods-toDoList--2023-toDoList--2023UITests.debug.xcconfig */,
				D5946974E6D3736E0A184D25 /* Pods-toDoList--2023-toDoList--2023UITests.release.xcconfig */,
				90DC0902528515D10AA3590A /* Pods-toDoList--2023Tests.debug.xcconfig */,
				2FAC0BDBB33F4F6547AF5000 /* Pods-toDoList--2023Tests.release.xcconfig */,
			);
			path = Pods;
			sourceTree = "<group>";
		};
		CA19BA3D2A4E403B0092469A /* Utilities */ = {
			isa = PBXGroup;
			children = (
				CACD94A52A5462DC00DAB123 /* Services */,
				CA19BA482A4EE1490092469A /* Assets */,
				CA19BA442A4ED5B40092469A /* TransitioninDelegate.swift */,
				CA19BA462A4ED8E00092469A /* TransitionAnimation.swift */,
			);
			path = Utilities;
			sourceTree = "<group>";
		};
		CA19BA482A4EE1490092469A /* Assets */ = {
			isa = PBXGroup;
			children = (
				CACD97FC2A4318B500BB6D7E /* Colors.xcassets */,
			);
			path = Assets;
			sourceTree = "<group>";
		};
		CA5C29EC2A40F1040045FB2C /* ViewContoller */ = {
			isa = PBXGroup;
			children = (
				CA680E8B2A34B02B00B478CA /* TodoItemViewController.swift */,
				CA5C29ED2A419E500045FB2C /* MainViewController.swift */,
				CACD98002A44842500BB6D7E /* CustomColorPickerViewController.swift */,
			);
			path = ViewContoller;
			sourceTree = "<group>";
		};
		CA680E7B2A34B02B00B478CA = {
			isa = PBXGroup;
			children = (
				CA5738A62A3B7B1B008F5ADF /* toDoList--2023.xctestplan */,
				CA680E862A34B02B00B478CA /* toDoList--2023 */,
				CA680E9D2A34B02F00B478CA /* toDoList--2023Tests */,
				CA680EA72A34B02F00B478CA /* toDoList--2023UITests */,
				CADEC56B2A6927800076267D /* toDoList--2023-SwiftUI */,
				CADEC57C2A6927840076267D /* toDoList--2023-SwiftUITests */,
				CADEC5862A6927840076267D /* toDoList--2023-SwiftUIUITests */,
				CA680E852A34B02B00B478CA /* Products */,
				641B72ADBBC525146D317233 /* Pods */,
				5A53473B910E27B255E90369 /* Frameworks */,
			);
			sourceTree = "<group>";
		};
		CA680E852A34B02B00B478CA /* Products */ = {
			isa = PBXGroup;
			children = (
				CA680E842A34B02B00B478CA /* toDoList--2023.app */,
				CA680E9A2A34B02F00B478CA /* toDoList--2023Tests.xctest */,
				CA680EA42A34B02F00B478CA /* toDoList--2023UITests.xctest */,
				CADEC56A2A6927800076267D /* toDoList--2023-SwiftUI.app */,
				CADEC5792A6927840076267D /* toDoList--2023-SwiftUITests.xctest */,
				CADEC5832A6927840076267D /* toDoList--2023-SwiftUIUITests.xctest */,
			);
			name = Products;
			sourceTree = "<group>";
		};
		CA680E862A34B02B00B478CA /* toDoList--2023 */ = {
			isa = PBXGroup;
			children = (
				CADEC55F2A60430C0076267D /* CoreDataDatabase.xcdatamodeld */,
				CA19BA3D2A4E403B0092469A /* Utilities */,
				CACD98062A45190200BB6D7E /* View */,
				CACD97F72A42324600BB6D7E /* Extension */,
				CA5C29EC2A40F1040045FB2C /* ViewContoller */,
				CA680EB72A34B05800B478CA /* Models */,
				CA680E872A34B02B00B478CA /* AppDelegate.swift */,
				CA680E892A34B02B00B478CA /* SceneDelegate.swift */,
				CA680E8D2A34B02B00B478CA /* Main.storyboard */,
				CA680E902A34B02E00B478CA /* Assets.xcassets */,
				CA680E922A34B02E00B478CA /* LaunchScreen.storyboard */,
				CA680E952A34B02E00B478CA /* Info.plist */,
			);
			path = "toDoList--2023";
			sourceTree = "<group>";
		};
		CA680E9D2A34B02F00B478CA /* toDoList--2023Tests */ = {
			isa = PBXGroup;
			children = (
				CA680E9E2A34B02F00B478CA /* toDoList__2023Tests.swift */,
			);
			path = "toDoList--2023Tests";
			sourceTree = "<group>";
		};
		CA680EA72A34B02F00B478CA /* toDoList--2023UITests */ = {
			isa = PBXGroup;
			children = (
				CA680EA82A34B02F00B478CA /* toDoList__2023UITests.swift */,
				CA680EAA2A34B02F00B478CA /* toDoList__2023UITestsLaunchTests.swift */,
			);
			path = "toDoList--2023UITests";
			sourceTree = "<group>";
		};
		CA680EB72A34B05800B478CA /* Models */ = {
			isa = PBXGroup;
			children = (
				CA680EB82A34B08600B478CA /* ToDoItem.swift */,
				CA4264362A385BB7000631EE /* FileCache.swift */,
				CA5C29EA2A40EF4F0045FB2C /* FileCacheErrors.swift */,
			);
			path = Models;
			sourceTree = "<group>";
		};
		CACD94A52A5462DC00DAB123 /* Services */ = {
			isa = PBXGroup;
			children = (
				CADEC54E2A5ED2E40076267D /* Persistence */,
				CADEC54D2A5ED2CD0076267D /* Network */,
			);
			path = Services;
			sourceTree = "<group>";
		};
		CACD94AC2A56D02F00DAB123 /* DTO */ = {
			isa = PBXGroup;
			children = (
				CACD94AA2A56B74600DAB123 /* ItemsDTO.swift */,
				CACD94AD2A56D07300DAB123 /* ToDoItemDTO.swift */,
				CACD94AF2A56FA2300DAB123 /* ItemDTO.swift */,
			);
			path = DTO;
			sourceTree = "<group>";
		};
		CACD97F72A42324600BB6D7E /* Extension */ = {
			isa = PBXGroup;
			children = (
				CACD97F82A4232A100BB6D7E /* Notification.swift */,
				CACD98022A44FAA400BB6D7E /* UIColor.swift */,
				CA6D39152A4B0FF100B11DD9 /* UILabel.swift */,
				CA19BA392A4DBE1A0092469A /* CustomTableView.swift */,
				CACD94A32A540ABB00DAB123 /* URLSession.swift */,
			);
			path = Extension;
			sourceTree = "<group>";
		};
		CACD98062A45190200BB6D7E /* View */ = {
			isa = PBXGroup;
			children = (
				CACD97FE2A4482A600BB6D7E /* ColorPalletView.swift */,
				CA6D390F2A49D1D500B11DD9 /* MainView.swift */,
				CA6D39112A49D21400B11DD9 /* CompleteBarView.swift */,
				CA6D39132A4A1FE500B11DD9 /* ItemTableViewCell.swift */,
			);
			path = View;
			sourceTree = "<group>";
		};
		CADEC54D2A5ED2CD0076267D /* Network */ = {
			isa = PBXGroup;
			children = (
				CACD94A62A5462F500DAB123 /* NetworkingService.swift */,
				CACD94A82A5465E200DAB123 /* DefaultNetworkingService.swift */,
				CACD94AC2A56D02F00DAB123 /* DTO */,
			);
			path = Network;
			sourceTree = "<group>";
		};
		CADEC54E2A5ED2E40076267D /* Persistence */ = {
			isa = PBXGroup;
			children = (
				CADEC5592A5F20230076267D /* CoreData */,
				CADEC54F2A5ED2F70076267D /* SQLite */,
			);
			path = Persistence;
			sourceTree = "<group>";
		};
		CADEC54F2A5ED2F70076267D /* SQLite */ = {
			isa = PBXGroup;
			children = (
				CADEC5502A5ED3480076267D /* SQLDataStorage.swift */,
				CADEC5572A5EE40B0076267D /* FileCache+SQLite.swift */,
				CADEC5552A5ED9070076267D /* ToDoItem+SQLite.swift */,
			);
			path = SQLite;
			sourceTree = "<group>";
		};
		CADEC5592A5F20230076267D /* CoreData */ = {
			isa = PBXGroup;
			children = (
				CADEC55D2A6037090076267D /* CoreDataStorage.swift */,
				CADEC5622A6046990076267D /* FileCache+CoreData.swift */,
				CADEC5642A6070B40076267D /* ToDoItem+CoreData.swift */,
			);
			path = CoreData;
			sourceTree = "<group>";
		};
		CADEC56B2A6927800076267D /* toDoList--2023-SwiftUI */ = {
			isa = PBXGroup;
			children = (
				CADEC56C2A6927800076267D /* toDoList__2023_SwiftUIApp.swift */,
				CADEC56E2A6927800076267D /* ContentView.swift */,
				CAB7B9C32A69855600D39BBA /* ToDoItem.swift */,
				CABD9C592A69F86E006F1DF2 /* ToDoItemDetailedView.swift */,
				CADEC5942A692A190076267D /* ToDoItemCellView.swift */,
				CAB7B9C02A69821D00D39BBA /* Mock Data.swift */,
				CADEC5702A6927830076267D /* Assets.xcassets */,
				CADEC5722A6927830076267D /* Preview Content */,
			);
			path = "toDoList--2023-SwiftUI";
			sourceTree = "<group>";
		};
		CADEC5722A6927830076267D /* Preview Content */ = {
			isa = PBXGroup;
			children = (
				CADEC5732A6927830076267D /* Preview Assets.xcassets */,
			);
			path = "Preview Content";
			sourceTree = "<group>";
		};
		CADEC57C2A6927840076267D /* toDoList--2023-SwiftUITests */ = {
			isa = PBXGroup;
			children = (
				CADEC57D2A6927840076267D /* toDoList__2023_SwiftUITests.swift */,
			);
			path = "toDoList--2023-SwiftUITests";
			sourceTree = "<group>";
		};
		CADEC5862A6927840076267D /* toDoList--2023-SwiftUIUITests */ = {
			isa = PBXGroup;
			children = (
				CADEC5872A6927840076267D /* toDoList__2023_SwiftUIUITests.swift */,
				CADEC5892A6927840076267D /* toDoList__2023_SwiftUIUITestsLaunchTests.swift */,
			);
			path = "toDoList--2023-SwiftUIUITests";
			sourceTree = "<group>";
		};
/* End PBXGroup section */

/* Begin PBXNativeTarget section */
		CA680E832A34B02B00B478CA /* toDoList--2023 */ = {
			isa = PBXNativeTarget;
			buildConfigurationList = CA680EAE2A34B02F00B478CA /* Build configuration list for PBXNativeTarget "toDoList--2023" */;
			buildPhases = (
				BE63D66E7AD8D4B16DD03840 /* [CP] Check Pods Manifest.lock */,
				CA680E802A34B02B00B478CA /* Sources */,
				CA680E812A34B02B00B478CA /* Frameworks */,
				CA680E822A34B02B00B478CA /* Resources */,
				CA19BA3C2A4E14F30092469A /* ShellScript */,
			);
			buildRules = (
			);
			dependencies = (
			);
			name = "toDoList--2023";
			packageProductDependencies = (
				CADEC5532A5ED4B80076267D /* SQLite */,
			);
			productName = "toDoList--2023";
			productReference = CA680E842A34B02B00B478CA /* toDoList--2023.app */;
			productType = "com.apple.product-type.application";
		};
		CA680E992A34B02F00B478CA /* toDoList--2023Tests */ = {
			isa = PBXNativeTarget;
			buildConfigurationList = CA680EB12A34B02F00B478CA /* Build configuration list for PBXNativeTarget "toDoList--2023Tests" */;
			buildPhases = (
				7E9BEFE4F640C69267E4EF0B /* [CP] Check Pods Manifest.lock */,
				CA680E962A34B02F00B478CA /* Sources */,
				CA680E972A34B02F00B478CA /* Frameworks */,
				CA680E982A34B02F00B478CA /* Resources */,
			);
			buildRules = (
			);
			dependencies = (
				CA680E9C2A34B02F00B478CA /* PBXTargetDependency */,
			);
			name = "toDoList--2023Tests";
			productName = "toDoList--2023Tests";
			productReference = CA680E9A2A34B02F00B478CA /* toDoList--2023Tests.xctest */;
			productType = "com.apple.product-type.bundle.unit-test";
		};
		CA680EA32A34B02F00B478CA /* toDoList--2023UITests */ = {
			isa = PBXNativeTarget;
			buildConfigurationList = CA680EB42A34B02F00B478CA /* Build configuration list for PBXNativeTarget "toDoList--2023UITests" */;
			buildPhases = (
				664B2C913F94F6D0230B8F60 /* [CP] Check Pods Manifest.lock */,
				CA680EA02A34B02F00B478CA /* Sources */,
				CA680EA12A34B02F00B478CA /* Frameworks */,
				CA680EA22A34B02F00B478CA /* Resources */,
			);
			buildRules = (
			);
			dependencies = (
				CA680EA62A34B02F00B478CA /* PBXTargetDependency */,
			);
			name = "toDoList--2023UITests";
			productName = "toDoList--2023UITests";
			productReference = CA680EA42A34B02F00B478CA /* toDoList--2023UITests.xctest */;
			productType = "com.apple.product-type.bundle.ui-testing";
		};
		CADEC5692A6927800076267D /* toDoList--2023-SwiftUI */ = {
			isa = PBXNativeTarget;
			buildConfigurationList = CADEC58B2A6927840076267D /* Build configuration list for PBXNativeTarget "toDoList--2023-SwiftUI" */;
			buildPhases = (
				CADEC5662A6927800076267D /* Sources */,
				CADEC5672A6927800076267D /* Frameworks */,
				CADEC5682A6927800076267D /* Resources */,
			);
			buildRules = (
			);
			dependencies = (
			);
			name = "toDoList--2023-SwiftUI";
			productName = "toDoList--2023-SwiftUI";
			productReference = CADEC56A2A6927800076267D /* toDoList--2023-SwiftUI.app */;
			productType = "com.apple.product-type.application";
		};
		CADEC5782A6927840076267D /* toDoList--2023-SwiftUITests */ = {
			isa = PBXNativeTarget;
			buildConfigurationList = CADEC58E2A6927840076267D /* Build configuration list for PBXNativeTarget "toDoList--2023-SwiftUITests" */;
			buildPhases = (
				CADEC5752A6927840076267D /* Sources */,
				CADEC5762A6927840076267D /* Frameworks */,
				CADEC5772A6927840076267D /* Resources */,
			);
			buildRules = (
			);
			dependencies = (
				CADEC57B2A6927840076267D /* PBXTargetDependency */,
			);
			name = "toDoList--2023-SwiftUITests";
			productName = "toDoList--2023-SwiftUITests";
			productReference = CADEC5792A6927840076267D /* toDoList--2023-SwiftUITests.xctest */;
			productType = "com.apple.product-type.bundle.unit-test";
		};
		CADEC5822A6927840076267D /* toDoList--2023-SwiftUIUITests */ = {
			isa = PBXNativeTarget;
			buildConfigurationList = CADEC5912A6927840076267D /* Build configuration list for PBXNativeTarget "toDoList--2023-SwiftUIUITests" */;
			buildPhases = (
				CADEC57F2A6927840076267D /* Sources */,
				CADEC5802A6927840076267D /* Frameworks */,
				CADEC5812A6927840076267D /* Resources */,
			);
			buildRules = (
			);
			dependencies = (
				CADEC5852A6927840076267D /* PBXTargetDependency */,
			);
			name = "toDoList--2023-SwiftUIUITests";
			productName = "toDoList--2023-SwiftUIUITests";
			productReference = CADEC5832A6927840076267D /* toDoList--2023-SwiftUIUITests.xctest */;
			productType = "com.apple.product-type.bundle.ui-testing";
		};
/* End PBXNativeTarget section */

/* Begin PBXProject section */
		CA680E7C2A34B02B00B478CA /* Project object */ = {
			isa = PBXProject;
			attributes = {
				BuildIndependentTargetsInParallel = 1;
				LastSwiftUpdateCheck = 1430;
				LastUpgradeCheck = 1430;
				TargetAttributes = {
					CA680E832A34B02B00B478CA = {
						CreatedOnToolsVersion = 14.3;
					};
					CA680E992A34B02F00B478CA = {
						CreatedOnToolsVersion = 14.3;
						TestTargetID = CA680E832A34B02B00B478CA;
					};
					CA680EA32A34B02F00B478CA = {
						CreatedOnToolsVersion = 14.3;
						TestTargetID = CA680E832A34B02B00B478CA;
					};
					CADEC5692A6927800076267D = {
						CreatedOnToolsVersion = 14.3;
					};
					CADEC5782A6927840076267D = {
						CreatedOnToolsVersion = 14.3;
						TestTargetID = CADEC5692A6927800076267D;
					};
					CADEC5822A6927840076267D = {
						CreatedOnToolsVersion = 14.3;
						TestTargetID = CADEC5692A6927800076267D;
					};
				};
			};
			buildConfigurationList = CA680E7F2A34B02B00B478CA /* Build configuration list for PBXProject "toDoList--2023" */;
			compatibilityVersion = "Xcode 14.0";
			developmentRegion = en;
			hasScannedForEncodings = 0;
			knownRegions = (
				en,
				Base,
			);
			mainGroup = CA680E7B2A34B02B00B478CA;
			packageReferences = (
				CADEC5522A5ED4B80076267D /* XCRemoteSwiftPackageReference "SQLite.swift" */,
			);
			productRefGroup = CA680E852A34B02B00B478CA /* Products */;
			projectDirPath = "";
			projectRoot = "";
			targets = (
				CA680E832A34B02B00B478CA /* toDoList--2023 */,
				CA680E992A34B02F00B478CA /* toDoList--2023Tests */,
				CA680EA32A34B02F00B478CA /* toDoList--2023UITests */,
				CADEC5692A6927800076267D /* toDoList--2023-SwiftUI */,
				CADEC5782A6927840076267D /* toDoList--2023-SwiftUITests */,
				CADEC5822A6927840076267D /* toDoList--2023-SwiftUIUITests */,
			);
		};
/* End PBXProject section */

/* Begin PBXResourcesBuildPhase section */
		CA680E822A34B02B00B478CA /* Resources */ = {
			isa = PBXResourcesBuildPhase;
			buildActionMask = 2147483647;
			files = (
				CA680E942A34B02E00B478CA /* LaunchScreen.storyboard in Resources */,
				CACD97FD2A4318B500BB6D7E /* Colors.xcassets in Resources */,
				CA680E912A34B02E00B478CA /* Assets.xcassets in Resources */,
				CA680E8F2A34B02B00B478CA /* Main.storyboard in Resources */,
			);
			runOnlyForDeploymentPostprocessing = 0;
		};
		CA680E982A34B02F00B478CA /* Resources */ = {
			isa = PBXResourcesBuildPhase;
			buildActionMask = 2147483647;
			files = (
			);
			runOnlyForDeploymentPostprocessing = 0;
		};
		CA680EA22A34B02F00B478CA /* Resources */ = {
			isa = PBXResourcesBuildPhase;
			buildActionMask = 2147483647;
			files = (
			);
			runOnlyForDeploymentPostprocessing = 0;
		};
		CADEC5682A6927800076267D /* Resources */ = {
			isa = PBXResourcesBuildPhase;
			buildActionMask = 2147483647;
			files = (
				CADEC5742A6927830076267D /* Preview Assets.xcassets in Resources */,
				CADEC5712A6927830076267D /* Assets.xcassets in Resources */,
			);
			runOnlyForDeploymentPostprocessing = 0;
		};
		CADEC5772A6927840076267D /* Resources */ = {
			isa = PBXResourcesBuildPhase;
			buildActionMask = 2147483647;
			files = (
			);
			runOnlyForDeploymentPostprocessing = 0;
		};
		CADEC5812A6927840076267D /* Resources */ = {
			isa = PBXResourcesBuildPhase;
			buildActionMask = 2147483647;
			files = (
			);
			runOnlyForDeploymentPostprocessing = 0;
		};
/* End PBXResourcesBuildPhase section */

/* Begin PBXShellScriptBuildPhase section */
		664B2C913F94F6D0230B8F60 /* [CP] Check Pods Manifest.lock */ = {
			isa = PBXShellScriptBuildPhase;
			buildActionMask = 2147483647;
			files = (
			);
			inputFileListPaths = (
			);
			inputPaths = (
				"${PODS_PODFILE_DIR_PATH}/Podfile.lock",
				"${PODS_ROOT}/Manifest.lock",
			);
			name = "[CP] Check Pods Manifest.lock";
			outputFileListPaths = (
			);
			outputPaths = (
				"$(DERIVED_FILE_DIR)/Pods-toDoList--2023-toDoList--2023UITests-checkManifestLockResult.txt",
			);
			runOnlyForDeploymentPostprocessing = 0;
			shellPath = /bin/sh;
			shellScript = "diff \"${PODS_PODFILE_DIR_PATH}/Podfile.lock\" \"${PODS_ROOT}/Manifest.lock\" > /dev/null\nif [ $? != 0 ] ; then\n    # print error to STDERR\n    echo \"error: The sandbox is not in sync with the Podfile.lock. Run 'pod install' or update your CocoaPods installation.\" >&2\n    exit 1\nfi\n# This output is used by Xcode 'outputs' to avoid re-running this script phase.\necho \"SUCCESS\" > \"${SCRIPT_OUTPUT_FILE_0}\"\n";
			showEnvVarsInLog = 0;
		};
		7E9BEFE4F640C69267E4EF0B /* [CP] Check Pods Manifest.lock */ = {
			isa = PBXShellScriptBuildPhase;
			buildActionMask = 2147483647;
			files = (
			);
			inputFileListPaths = (
			);
			inputPaths = (
				"${PODS_PODFILE_DIR_PATH}/Podfile.lock",
				"${PODS_ROOT}/Manifest.lock",
			);
			name = "[CP] Check Pods Manifest.lock";
			outputFileListPaths = (
			);
			outputPaths = (
				"$(DERIVED_FILE_DIR)/Pods-toDoList--2023Tests-checkManifestLockResult.txt",
			);
			runOnlyForDeploymentPostprocessing = 0;
			shellPath = /bin/sh;
			shellScript = "diff \"${PODS_PODFILE_DIR_PATH}/Podfile.lock\" \"${PODS_ROOT}/Manifest.lock\" > /dev/null\nif [ $? != 0 ] ; then\n    # print error to STDERR\n    echo \"error: The sandbox is not in sync with the Podfile.lock. Run 'pod install' or update your CocoaPods installation.\" >&2\n    exit 1\nfi\n# This output is used by Xcode 'outputs' to avoid re-running this script phase.\necho \"SUCCESS\" > \"${SCRIPT_OUTPUT_FILE_0}\"\n";
			showEnvVarsInLog = 0;
		};
		BE63D66E7AD8D4B16DD03840 /* [CP] Check Pods Manifest.lock */ = {
			isa = PBXShellScriptBuildPhase;
			buildActionMask = 2147483647;
			files = (
			);
			inputFileListPaths = (
			);
			inputPaths = (
				"${PODS_PODFILE_DIR_PATH}/Podfile.lock",
				"${PODS_ROOT}/Manifest.lock",
			);
			name = "[CP] Check Pods Manifest.lock";
			outputFileListPaths = (
			);
			outputPaths = (
				"$(DERIVED_FILE_DIR)/Pods-toDoList--2023-checkManifestLockResult.txt",
			);
			runOnlyForDeploymentPostprocessing = 0;
			shellPath = /bin/sh;
			shellScript = "diff \"${PODS_PODFILE_DIR_PATH}/Podfile.lock\" \"${PODS_ROOT}/Manifest.lock\" > /dev/null\nif [ $? != 0 ] ; then\n    # print error to STDERR\n    echo \"error: The sandbox is not in sync with the Podfile.lock. Run 'pod install' or update your CocoaPods installation.\" >&2\n    exit 1\nfi\n# This output is used by Xcode 'outputs' to avoid re-running this script phase.\necho \"SUCCESS\" > \"${SCRIPT_OUTPUT_FILE_0}\"\n";
			showEnvVarsInLog = 0;
		};
		CA19BA3C2A4E14F30092469A /* ShellScript */ = {
			isa = PBXShellScriptBuildPhase;
			buildActionMask = 2147483647;
			files = (
			);
			inputFileListPaths = (
			);
			inputPaths = (
			);
			outputFileListPaths = (
			);
			outputPaths = (
			);
			runOnlyForDeploymentPostprocessing = 0;
			shellPath = /bin/sh;
			shellScript = "# Type a script or drag a script file from your workspace to insert its path.\n\"${PODS_ROOT}/SwiftLint/swiftlint\" --path \"${PODS_ROOT}\"\n";
		};
/* End PBXShellScriptBuildPhase section */

/* Begin PBXSourcesBuildPhase section */
		CA680E802A34B02B00B478CA /* Sources */ = {
			isa = PBXSourcesBuildPhase;
			buildActionMask = 2147483647;
			files = (
				CACD94AB2A56B74600DAB123 /* ItemsDTO.swift in Sources */,
				CADEC5582A5EE40B0076267D /* FileCache+SQLite.swift in Sources */,
				CA680E8C2A34B02B00B478CA /* TodoItemViewController.swift in Sources */,
				CA6D39102A49D1D500B11DD9 /* MainView.swift in Sources */,
				CA680E882A34B02B00B478CA /* AppDelegate.swift in Sources */,
				CA5C29EB2A40EF4F0045FB2C /* FileCacheErrors.swift in Sources */,
				CADEC55E2A6037090076267D /* CoreDataStorage.swift in Sources */,
				CACD97F92A4232A100BB6D7E /* Notification.swift in Sources */,
				CACD94B02A56FA2400DAB123 /* ItemDTO.swift in Sources */,
				CA19BA452A4ED5B40092469A /* TransitioninDelegate.swift in Sources */,
				CA6D39122A49D21400B11DD9 /* CompleteBarView.swift in Sources */,
				CA5C29EE2A419E500045FB2C /* MainViewController.swift in Sources */,
				CACD98012A44842500BB6D7E /* CustomColorPickerViewController.swift in Sources */,
				CAB7B9C22A69854000D39BBA /* ToDoItem.swift in Sources */,
				CADEC5632A6046990076267D /* FileCache+CoreData.swift in Sources */,
				CACD97FF2A4482A600BB6D7E /* ColorPalletView.swift in Sources */,
				CACD94A42A540ABB00DAB123 /* URLSession.swift in Sources */,
				CACD94A92A5465E200DAB123 /* DefaultNetworkingService.swift in Sources */,
				CADEC5512A5ED3480076267D /* SQLDataStorage.swift in Sources */,
				CACD98032A44FAA400BB6D7E /* UIColor.swift in Sources */,
				CADEC5612A60430C0076267D /* CoreDataDatabase.xcdatamodeld in Sources */,
				CACD94AE2A56D07300DAB123 /* ToDoItemDTO.swift in Sources */,
				CADEC5652A6070B40076267D /* ToDoItem+CoreData.swift in Sources */,
				CA6D39162A4B0FF100B11DD9 /* UILabel.swift in Sources */,
				CA6D39142A4A1FE500B11DD9 /* ItemTableViewCell.swift in Sources */,
				CACD94A72A5462F500DAB123 /* NetworkingService.swift in Sources */,
				CA4264372A385BB7000631EE /* FileCache.swift in Sources */,
				CA19BA472A4ED8E00092469A /* TransitionAnimation.swift in Sources */,
				CA19BA3A2A4DBE1A0092469A /* CustomTableView.swift in Sources */,
				CADEC5562A5ED9070076267D /* ToDoItem+SQLite.swift in Sources */,
				CA680E8A2A34B02B00B478CA /* SceneDelegate.swift in Sources */,
			);
			runOnlyForDeploymentPostprocessing = 0;
		};
		CA680E962A34B02F00B478CA /* Sources */ = {
			isa = PBXSourcesBuildPhase;
			buildActionMask = 2147483647;
			files = (
				CA680E9F2A34B02F00B478CA /* toDoList__2023Tests.swift in Sources */,
			);
			runOnlyForDeploymentPostprocessing = 0;
		};
		CA680EA02A34B02F00B478CA /* Sources */ = {
			isa = PBXSourcesBuildPhase;
			buildActionMask = 2147483647;
			files = (
				CA680EA92A34B02F00B478CA /* toDoList__2023UITests.swift in Sources */,
				CA680EAB2A34B02F00B478CA /* toDoList__2023UITestsLaunchTests.swift in Sources */,
			);
			runOnlyForDeploymentPostprocessing = 0;
		};
		CADEC5662A6927800076267D /* Sources */ = {
			isa = PBXSourcesBuildPhase;
			buildActionMask = 2147483647;
			files = (
				CAB7B9C12A69821D00D39BBA /* Mock Data.swift in Sources */,
				CADEC59A2A692F3D0076267D /* ToDoItemDTO.swift in Sources */,
				CAB7B9C42A69855600D39BBA /* ToDoItem.swift in Sources */,
				CADEC59B2A69310C0076267D /* ToDoItemCellView.swift in Sources */,
				CABD9C5A2A69F86E006F1DF2 /* ToDoItemDetailedView.swift in Sources */,
				CADEC56F2A6927800076267D /* ContentView.swift in Sources */,
				CADEC56D2A6927800076267D /* toDoList__2023_SwiftUIApp.swift in Sources */,
			);
			runOnlyForDeploymentPostprocessing = 0;
		};
		CADEC5752A6927840076267D /* Sources */ = {
			isa = PBXSourcesBuildPhase;
			buildActionMask = 2147483647;
			files = (
				CADEC57E2A6927840076267D /* toDoList__2023_SwiftUITests.swift in Sources */,
			);
			runOnlyForDeploymentPostprocessing = 0;
		};
		CADEC57F2A6927840076267D /* Sources */ = {
			isa = PBXSourcesBuildPhase;
			buildActionMask = 2147483647;
			files = (
				CADEC5882A6927840076267D /* toDoList__2023_SwiftUIUITests.swift in Sources */,
				CADEC58A2A6927840076267D /* toDoList__2023_SwiftUIUITestsLaunchTests.swift in Sources */,
			);
			runOnlyForDeploymentPostprocessing = 0;
		};
/* End PBXSourcesBuildPhase section */

/* Begin PBXTargetDependency section */
		CA680E9C2A34B02F00B478CA /* PBXTargetDependency */ = {
			isa = PBXTargetDependency;
			target = CA680E832A34B02B00B478CA /* toDoList--2023 */;
			targetProxy = CA680E9B2A34B02F00B478CA /* PBXContainerItemProxy */;
		};
		CA680EA62A34B02F00B478CA /* PBXTargetDependency */ = {
			isa = PBXTargetDependency;
			target = CA680E832A34B02B00B478CA /* toDoList--2023 */;
			targetProxy = CA680EA52A34B02F00B478CA /* PBXContainerItemProxy */;
		};
		CADEC57B2A6927840076267D /* PBXTargetDependency */ = {
			isa = PBXTargetDependency;
			target = CADEC5692A6927800076267D /* toDoList--2023-SwiftUI */;
			targetProxy = CADEC57A2A6927840076267D /* PBXContainerItemProxy */;
		};
		CADEC5852A6927840076267D /* PBXTargetDependency */ = {
			isa = PBXTargetDependency;
			target = CADEC5692A6927800076267D /* toDoList--2023-SwiftUI */;
			targetProxy = CADEC5842A6927840076267D /* PBXContainerItemProxy */;
		};
/* End PBXTargetDependency section */

/* Begin PBXVariantGroup section */
		CA680E8D2A34B02B00B478CA /* Main.storyboard */ = {
			isa = PBXVariantGroup;
			children = (
				CA680E8E2A34B02B00B478CA /* Base */,
			);
			name = Main.storyboard;
			sourceTree = "<group>";
		};
		CA680E922A34B02E00B478CA /* LaunchScreen.storyboard */ = {
			isa = PBXVariantGroup;
			children = (
				CA680E932A34B02E00B478CA /* Base */,
			);
			name = LaunchScreen.storyboard;
			sourceTree = "<group>";
		};
/* End PBXVariantGroup section */

/* Begin XCBuildConfiguration section */
		CA680EAC2A34B02F00B478CA /* Debug */ = {
			isa = XCBuildConfiguration;
			buildSettings = {
				ALWAYS_SEARCH_USER_PATHS = NO;
				CLANG_ANALYZER_NONNULL = YES;
				CLANG_ANALYZER_NUMBER_OBJECT_CONVERSION = YES_AGGRESSIVE;
				CLANG_CXX_LANGUAGE_STANDARD = "gnu++20";
				CLANG_ENABLE_MODULES = YES;
				CLANG_ENABLE_OBJC_ARC = YES;
				CLANG_ENABLE_OBJC_WEAK = YES;
				CLANG_WARN_BLOCK_CAPTURE_AUTORELEASING = YES;
				CLANG_WARN_BOOL_CONVERSION = YES;
				CLANG_WARN_COMMA = YES;
				CLANG_WARN_CONSTANT_CONVERSION = YES;
				CLANG_WARN_DEPRECATED_OBJC_IMPLEMENTATIONS = YES;
				CLANG_WARN_DIRECT_OBJC_ISA_USAGE = YES_ERROR;
				CLANG_WARN_DOCUMENTATION_COMMENTS = YES;
				CLANG_WARN_EMPTY_BODY = YES;
				CLANG_WARN_ENUM_CONVERSION = YES;
				CLANG_WARN_INFINITE_RECURSION = YES;
				CLANG_WARN_INT_CONVERSION = YES;
				CLANG_WARN_NON_LITERAL_NULL_CONVERSION = YES;
				CLANG_WARN_OBJC_IMPLICIT_RETAIN_SELF = YES;
				CLANG_WARN_OBJC_LITERAL_CONVERSION = YES;
				CLANG_WARN_OBJC_ROOT_CLASS = YES_ERROR;
				CLANG_WARN_QUOTED_INCLUDE_IN_FRAMEWORK_HEADER = YES;
				CLANG_WARN_RANGE_LOOP_ANALYSIS = YES;
				CLANG_WARN_STRICT_PROTOTYPES = YES;
				CLANG_WARN_SUSPICIOUS_MOVE = YES;
				CLANG_WARN_UNGUARDED_AVAILABILITY = YES_AGGRESSIVE;
				CLANG_WARN_UNREACHABLE_CODE = YES;
				CLANG_WARN__DUPLICATE_METHOD_MATCH = YES;
				COPY_PHASE_STRIP = NO;
				DEBUG_INFORMATION_FORMAT = dwarf;
				ENABLE_STRICT_OBJC_MSGSEND = YES;
				ENABLE_TESTABILITY = YES;
				GCC_C_LANGUAGE_STANDARD = gnu11;
				GCC_DYNAMIC_NO_PIC = NO;
				GCC_NO_COMMON_BLOCKS = YES;
				GCC_OPTIMIZATION_LEVEL = 0;
				GCC_PREPROCESSOR_DEFINITIONS = (
					"DEBUG=1",
					"$(inherited)",
				);
				GCC_WARN_64_TO_32_BIT_CONVERSION = YES;
				GCC_WARN_ABOUT_RETURN_TYPE = YES_ERROR;
				GCC_WARN_UNDECLARED_SELECTOR = YES;
				GCC_WARN_UNINITIALIZED_AUTOS = YES_AGGRESSIVE;
				GCC_WARN_UNUSED_FUNCTION = YES;
				GCC_WARN_UNUSED_VARIABLE = YES;
				IPHONEOS_DEPLOYMENT_TARGET = 15.0;
				MTL_ENABLE_DEBUG_INFO = INCLUDE_SOURCE;
				MTL_FAST_MATH = YES;
				ONLY_ACTIVE_ARCH = YES;
				SDKROOT = iphoneos;
				SWIFT_ACTIVE_COMPILATION_CONDITIONS = DEBUG;
				SWIFT_OPTIMIZATION_LEVEL = "-Onone";
			};
			name = Debug;
		};
		CA680EAD2A34B02F00B478CA /* Release */ = {
			isa = XCBuildConfiguration;
			buildSettings = {
				ALWAYS_SEARCH_USER_PATHS = NO;
				CLANG_ANALYZER_NONNULL = YES;
				CLANG_ANALYZER_NUMBER_OBJECT_CONVERSION = YES_AGGRESSIVE;
				CLANG_CXX_LANGUAGE_STANDARD = "gnu++20";
				CLANG_ENABLE_MODULES = YES;
				CLANG_ENABLE_OBJC_ARC = YES;
				CLANG_ENABLE_OBJC_WEAK = YES;
				CLANG_WARN_BLOCK_CAPTURE_AUTORELEASING = YES;
				CLANG_WARN_BOOL_CONVERSION = YES;
				CLANG_WARN_COMMA = YES;
				CLANG_WARN_CONSTANT_CONVERSION = YES;
				CLANG_WARN_DEPRECATED_OBJC_IMPLEMENTATIONS = YES;
				CLANG_WARN_DIRECT_OBJC_ISA_USAGE = YES_ERROR;
				CLANG_WARN_DOCUMENTATION_COMMENTS = YES;
				CLANG_WARN_EMPTY_BODY = YES;
				CLANG_WARN_ENUM_CONVERSION = YES;
				CLANG_WARN_INFINITE_RECURSION = YES;
				CLANG_WARN_INT_CONVERSION = YES;
				CLANG_WARN_NON_LITERAL_NULL_CONVERSION = YES;
				CLANG_WARN_OBJC_IMPLICIT_RETAIN_SELF = YES;
				CLANG_WARN_OBJC_LITERAL_CONVERSION = YES;
				CLANG_WARN_OBJC_ROOT_CLASS = YES_ERROR;
				CLANG_WARN_QUOTED_INCLUDE_IN_FRAMEWORK_HEADER = YES;
				CLANG_WARN_RANGE_LOOP_ANALYSIS = YES;
				CLANG_WARN_STRICT_PROTOTYPES = YES;
				CLANG_WARN_SUSPICIOUS_MOVE = YES;
				CLANG_WARN_UNGUARDED_AVAILABILITY = YES_AGGRESSIVE;
				CLANG_WARN_UNREACHABLE_CODE = YES;
				CLANG_WARN__DUPLICATE_METHOD_MATCH = YES;
				COPY_PHASE_STRIP = NO;
				DEBUG_INFORMATION_FORMAT = "dwarf-with-dsym";
				ENABLE_NS_ASSERTIONS = NO;
				ENABLE_STRICT_OBJC_MSGSEND = YES;
				GCC_C_LANGUAGE_STANDARD = gnu11;
				GCC_NO_COMMON_BLOCKS = YES;
				GCC_WARN_64_TO_32_BIT_CONVERSION = YES;
				GCC_WARN_ABOUT_RETURN_TYPE = YES_ERROR;
				GCC_WARN_UNDECLARED_SELECTOR = YES;
				GCC_WARN_UNINITIALIZED_AUTOS = YES_AGGRESSIVE;
				GCC_WARN_UNUSED_FUNCTION = YES;
				GCC_WARN_UNUSED_VARIABLE = YES;
				IPHONEOS_DEPLOYMENT_TARGET = 15.0;
				MTL_ENABLE_DEBUG_INFO = NO;
				MTL_FAST_MATH = YES;
				SDKROOT = iphoneos;
				SWIFT_COMPILATION_MODE = wholemodule;
				SWIFT_OPTIMIZATION_LEVEL = "-O";
				VALIDATE_PRODUCT = YES;
			};
			name = Release;
		};
		CA680EAF2A34B02F00B478CA /* Debug */ = {
			isa = XCBuildConfiguration;
			baseConfigurationReference = 3145B3312DE457799824524D /* Pods-toDoList--2023.debug.xcconfig */;
			buildSettings = {
				ASSETCATALOG_COMPILER_APPICON_NAME = AppIcon;
				ASSETCATALOG_COMPILER_GLOBAL_ACCENT_COLOR_NAME = AccentColor;
				CODE_SIGN_STYLE = Automatic;
				CURRENT_PROJECT_VERSION = 1;
				DEVELOPMENT_TEAM = 2AFG9UBT5A;
				GENERATE_INFOPLIST_FILE = YES;
				INFOPLIST_FILE = "toDoList--2023/Info.plist";
				INFOPLIST_KEY_UIApplicationSupportsIndirectInputEvents = YES;
				INFOPLIST_KEY_UILaunchStoryboardName = LaunchScreen;
				INFOPLIST_KEY_UIMainStoryboardFile = Main;
				INFOPLIST_KEY_UISupportedInterfaceOrientations_iPad = "UIInterfaceOrientationPortrait UIInterfaceOrientationPortraitUpsideDown UIInterfaceOrientationLandscapeLeft UIInterfaceOrientationLandscapeRight";
				INFOPLIST_KEY_UISupportedInterfaceOrientations_iPhone = "UIInterfaceOrientationPortrait UIInterfaceOrientationLandscapeLeft UIInterfaceOrientationLandscapeRight";
				IPHONEOS_DEPLOYMENT_TARGET = 15.0;
				LD_RUNPATH_SEARCH_PATHS = (
					"$(inherited)",
					"@executable_path/Frameworks",
				);
				MARKETING_VERSION = 1.0;
				PRODUCT_BUNDLE_IDENTIFIER = "kkt.toDoList--2023";
				PRODUCT_NAME = "$(TARGET_NAME)";
				SWIFT_EMIT_LOC_STRINGS = YES;
				SWIFT_VERSION = 5.0;
				TARGETED_DEVICE_FAMILY = "1,2";
			};
			name = Debug;
		};
		CA680EB02A34B02F00B478CA /* Release */ = {
			isa = XCBuildConfiguration;
			baseConfigurationReference = FDD078482A99BB04A32EE911 /* Pods-toDoList--2023.release.xcconfig */;
			buildSettings = {
				ASSETCATALOG_COMPILER_APPICON_NAME = AppIcon;
				ASSETCATALOG_COMPILER_GLOBAL_ACCENT_COLOR_NAME = AccentColor;
				CODE_SIGN_STYLE = Automatic;
				CURRENT_PROJECT_VERSION = 1;
				DEVELOPMENT_TEAM = 2AFG9UBT5A;
				GENERATE_INFOPLIST_FILE = YES;
				INFOPLIST_FILE = "toDoList--2023/Info.plist";
				INFOPLIST_KEY_UIApplicationSupportsIndirectInputEvents = YES;
				INFOPLIST_KEY_UILaunchStoryboardName = LaunchScreen;
				INFOPLIST_KEY_UIMainStoryboardFile = Main;
				INFOPLIST_KEY_UISupportedInterfaceOrientations_iPad = "UIInterfaceOrientationPortrait UIInterfaceOrientationPortraitUpsideDown UIInterfaceOrientationLandscapeLeft UIInterfaceOrientationLandscapeRight";
				INFOPLIST_KEY_UISupportedInterfaceOrientations_iPhone = "UIInterfaceOrientationPortrait UIInterfaceOrientationLandscapeLeft UIInterfaceOrientationLandscapeRight";
				IPHONEOS_DEPLOYMENT_TARGET = 15.0;
				LD_RUNPATH_SEARCH_PATHS = (
					"$(inherited)",
					"@executable_path/Frameworks",
				);
				MARKETING_VERSION = 1.0;
				PRODUCT_BUNDLE_IDENTIFIER = "kkt.toDoList--2023";
				PRODUCT_NAME = "$(TARGET_NAME)";
				SWIFT_EMIT_LOC_STRINGS = YES;
				SWIFT_VERSION = 5.0;
				TARGETED_DEVICE_FAMILY = "1,2";
			};
			name = Release;
		};
		CA680EB22A34B02F00B478CA /* Debug */ = {
			isa = XCBuildConfiguration;
			baseConfigurationReference = 90DC0902528515D10AA3590A /* Pods-toDoList--2023Tests.debug.xcconfig */;
			buildSettings = {
				ALWAYS_EMBED_SWIFT_STANDARD_LIBRARIES = YES;
				BUNDLE_LOADER = "$(TEST_HOST)";
				CODE_SIGN_STYLE = Automatic;
				CURRENT_PROJECT_VERSION = 1;
				DEVELOPMENT_TEAM = 2AFG9UBT5A;
				GENERATE_INFOPLIST_FILE = YES;
				IPHONEOS_DEPLOYMENT_TARGET = 16.4;
				MARKETING_VERSION = 1.0;
				PRODUCT_BUNDLE_IDENTIFIER = "xd.toDoList--2023Tests";
				PRODUCT_NAME = "$(TARGET_NAME)";
				SWIFT_EMIT_LOC_STRINGS = NO;
				SWIFT_VERSION = 5.0;
				TARGETED_DEVICE_FAMILY = "1,2";
				TEST_HOST = "$(BUILT_PRODUCTS_DIR)/toDoList--2023.app/$(BUNDLE_EXECUTABLE_FOLDER_PATH)/toDoList--2023";
			};
			name = Debug;
		};
		CA680EB32A34B02F00B478CA /* Release */ = {
			isa = XCBuildConfiguration;
			baseConfigurationReference = 2FAC0BDBB33F4F6547AF5000 /* Pods-toDoList--2023Tests.release.xcconfig */;
			buildSettings = {
				ALWAYS_EMBED_SWIFT_STANDARD_LIBRARIES = YES;
				BUNDLE_LOADER = "$(TEST_HOST)";
				CODE_SIGN_STYLE = Automatic;
				CURRENT_PROJECT_VERSION = 1;
				DEVELOPMENT_TEAM = 2AFG9UBT5A;
				GENERATE_INFOPLIST_FILE = YES;
				IPHONEOS_DEPLOYMENT_TARGET = 16.4;
				MARKETING_VERSION = 1.0;
				PRODUCT_BUNDLE_IDENTIFIER = "xd.toDoList--2023Tests";
				PRODUCT_NAME = "$(TARGET_NAME)";
				SWIFT_EMIT_LOC_STRINGS = NO;
				SWIFT_VERSION = 5.0;
				TARGETED_DEVICE_FAMILY = "1,2";
				TEST_HOST = "$(BUILT_PRODUCTS_DIR)/toDoList--2023.app/$(BUNDLE_EXECUTABLE_FOLDER_PATH)/toDoList--2023";
			};
			name = Release;
		};
		CA680EB52A34B02F00B478CA /* Debug */ = {
			isa = XCBuildConfiguration;
			baseConfigurationReference = 10CBBDF48958A728DB42DA63 /* Pods-toDoList--2023-toDoList--2023UITests.debug.xcconfig */;
			buildSettings = {
				ALWAYS_EMBED_SWIFT_STANDARD_LIBRARIES = YES;
				CODE_SIGN_STYLE = Automatic;
				CURRENT_PROJECT_VERSION = 1;
				DEVELOPMENT_TEAM = 2AFG9UBT5A;
				GENERATE_INFOPLIST_FILE = YES;
				MARKETING_VERSION = 1.0;
				PRODUCT_BUNDLE_IDENTIFIER = "xd.toDoList--2023UITests";
				PRODUCT_NAME = "$(TARGET_NAME)";
				SWIFT_EMIT_LOC_STRINGS = NO;
				SWIFT_VERSION = 5.0;
				TARGETED_DEVICE_FAMILY = "1,2";
				TEST_TARGET_NAME = "toDoList--2023";
			};
			name = Debug;
		};
		CA680EB62A34B02F00B478CA /* Release */ = {
			isa = XCBuildConfiguration;
			baseConfigurationReference = D5946974E6D3736E0A184D25 /* Pods-toDoList--2023-toDoList--2023UITests.release.xcconfig */;
			buildSettings = {
				ALWAYS_EMBED_SWIFT_STANDARD_LIBRARIES = YES;
				CODE_SIGN_STYLE = Automatic;
				CURRENT_PROJECT_VERSION = 1;
				DEVELOPMENT_TEAM = 2AFG9UBT5A;
				GENERATE_INFOPLIST_FILE = YES;
				MARKETING_VERSION = 1.0;
				PRODUCT_BUNDLE_IDENTIFIER = "xd.toDoList--2023UITests";
				PRODUCT_NAME = "$(TARGET_NAME)";
				SWIFT_EMIT_LOC_STRINGS = NO;
				SWIFT_VERSION = 5.0;
				TARGETED_DEVICE_FAMILY = "1,2";
				TEST_TARGET_NAME = "toDoList--2023";
			};
			name = Release;
		};
		CADEC58C2A6927840076267D /* Debug */ = {
			isa = XCBuildConfiguration;
			buildSettings = {
				ASSETCATALOG_COMPILER_APPICON_NAME = AppIcon;
				ASSETCATALOG_COMPILER_GLOBAL_ACCENT_COLOR_NAME = AccentColor;
				CODE_SIGN_STYLE = Automatic;
				CURRENT_PROJECT_VERSION = 1;
				DEVELOPMENT_ASSET_PATHS = "\"toDoList--2023-SwiftUI/Preview Content\"";
				DEVELOPMENT_TEAM = 2AFG9UBT5A;
				ENABLE_PREVIEWS = YES;
				GENERATE_INFOPLIST_FILE = YES;
				INFOPLIST_KEY_UIApplicationSceneManifest_Generation = YES;
				INFOPLIST_KEY_UIApplicationSupportsIndirectInputEvents = YES;
				INFOPLIST_KEY_UILaunchScreen_Generation = YES;
				INFOPLIST_KEY_UISupportedInterfaceOrientations_iPad = "UIInterfaceOrientationPortrait UIInterfaceOrientationPortraitUpsideDown UIInterfaceOrientationLandscapeLeft UIInterfaceOrientationLandscapeRight";
				INFOPLIST_KEY_UISupportedInterfaceOrientations_iPhone = "UIInterfaceOrientationPortrait UIInterfaceOrientationLandscapeLeft UIInterfaceOrientationLandscapeRight";
				IPHONEOS_DEPLOYMENT_TARGET = 16.4;
				LD_RUNPATH_SEARCH_PATHS = (
					"$(inherited)",
					"@executable_path/Frameworks",
				);
				MARKETING_VERSION = 1.0;
				PRODUCT_BUNDLE_IDENTIFIER = "xd.toDoList--2023-SwiftUI";
				PRODUCT_NAME = "$(TARGET_NAME)";
				SWIFT_EMIT_LOC_STRINGS = YES;
				SWIFT_VERSION = 5.0;
				TARGETED_DEVICE_FAMILY = "1,2";
			};
			name = Debug;
		};
		CADEC58D2A6927840076267D /* Release */ = {
			isa = XCBuildConfiguration;
			buildSettings = {
				ASSETCATALOG_COMPILER_APPICON_NAME = AppIcon;
				ASSETCATALOG_COMPILER_GLOBAL_ACCENT_COLOR_NAME = AccentColor;
				CODE_SIGN_STYLE = Automatic;
				CURRENT_PROJECT_VERSION = 1;
				DEVELOPMENT_ASSET_PATHS = "\"toDoList--2023-SwiftUI/Preview Content\"";
				DEVELOPMENT_TEAM = 2AFG9UBT5A;
				ENABLE_PREVIEWS = YES;
				GENERATE_INFOPLIST_FILE = YES;
				INFOPLIST_KEY_UIApplicationSceneManifest_Generation = YES;
				INFOPLIST_KEY_UIApplicationSupportsIndirectInputEvents = YES;
				INFOPLIST_KEY_UILaunchScreen_Generation = YES;
				INFOPLIST_KEY_UISupportedInterfaceOrientations_iPad = "UIInterfaceOrientationPortrait UIInterfaceOrientationPortraitUpsideDown UIInterfaceOrientationLandscapeLeft UIInterfaceOrientationLandscapeRight";
				INFOPLIST_KEY_UISupportedInterfaceOrientations_iPhone = "UIInterfaceOrientationPortrait UIInterfaceOrientationLandscapeLeft UIInterfaceOrientationLandscapeRight";
				IPHONEOS_DEPLOYMENT_TARGET = 16.4;
				LD_RUNPATH_SEARCH_PATHS = (
					"$(inherited)",
					"@executable_path/Frameworks",
				);
				MARKETING_VERSION = 1.0;
				PRODUCT_BUNDLE_IDENTIFIER = "xd.toDoList--2023-SwiftUI";
				PRODUCT_NAME = "$(TARGET_NAME)";
				SWIFT_EMIT_LOC_STRINGS = YES;
				SWIFT_VERSION = 5.0;
				TARGETED_DEVICE_FAMILY = "1,2";
			};
			name = Release;
		};
		CADEC58F2A6927840076267D /* Debug */ = {
			isa = XCBuildConfiguration;
			buildSettings = {
				ALWAYS_EMBED_SWIFT_STANDARD_LIBRARIES = YES;
				BUNDLE_LOADER = "$(TEST_HOST)";
				CODE_SIGN_STYLE = Automatic;
				CURRENT_PROJECT_VERSION = 1;
				DEVELOPMENT_TEAM = 2AFG9UBT5A;
				GENERATE_INFOPLIST_FILE = YES;
				IPHONEOS_DEPLOYMENT_TARGET = 16.4;
				MARKETING_VERSION = 1.0;
				PRODUCT_BUNDLE_IDENTIFIER = "xd.toDoList--2023-SwiftUITests";
				PRODUCT_NAME = "$(TARGET_NAME)";
				SWIFT_EMIT_LOC_STRINGS = NO;
				SWIFT_VERSION = 5.0;
				TARGETED_DEVICE_FAMILY = "1,2";
				TEST_HOST = "$(BUILT_PRODUCTS_DIR)/toDoList--2023-SwiftUI.app/$(BUNDLE_EXECUTABLE_FOLDER_PATH)/toDoList--2023-SwiftUI";
			};
			name = Debug;
		};
		CADEC5902A6927840076267D /* Release */ = {
			isa = XCBuildConfiguration;
			buildSettings = {
				ALWAYS_EMBED_SWIFT_STANDARD_LIBRARIES = YES;
				BUNDLE_LOADER = "$(TEST_HOST)";
				CODE_SIGN_STYLE = Automatic;
				CURRENT_PROJECT_VERSION = 1;
				DEVELOPMENT_TEAM = 2AFG9UBT5A;
				GENERATE_INFOPLIST_FILE = YES;
				IPHONEOS_DEPLOYMENT_TARGET = 16.4;
				MARKETING_VERSION = 1.0;
				PRODUCT_BUNDLE_IDENTIFIER = "xd.toDoList--2023-SwiftUITests";
				PRODUCT_NAME = "$(TARGET_NAME)";
				SWIFT_EMIT_LOC_STRINGS = NO;
				SWIFT_VERSION = 5.0;
				TARGETED_DEVICE_FAMILY = "1,2";
				TEST_HOST = "$(BUILT_PRODUCTS_DIR)/toDoList--2023-SwiftUI.app/$(BUNDLE_EXECUTABLE_FOLDER_PATH)/toDoList--2023-SwiftUI";
			};
			name = Release;
		};
		CADEC5922A6927840076267D /* Debug */ = {
			isa = XCBuildConfiguration;
			buildSettings = {
				ALWAYS_EMBED_SWIFT_STANDARD_LIBRARIES = YES;
				CODE_SIGN_STYLE = Automatic;
				CURRENT_PROJECT_VERSION = 1;
				DEVELOPMENT_TEAM = 2AFG9UBT5A;
				GENERATE_INFOPLIST_FILE = YES;
				IPHONEOS_DEPLOYMENT_TARGET = 16.4;
				MARKETING_VERSION = 1.0;
				PRODUCT_BUNDLE_IDENTIFIER = "xd.toDoList--2023-SwiftUIUITests";
				PRODUCT_NAME = "$(TARGET_NAME)";
				SWIFT_EMIT_LOC_STRINGS = NO;
				SWIFT_VERSION = 5.0;
				TARGETED_DEVICE_FAMILY = "1,2";
				TEST_TARGET_NAME = "toDoList--2023-SwiftUI";
			};
			name = Debug;
		};
		CADEC5932A6927840076267D /* Release */ = {
			isa = XCBuildConfiguration;
			buildSettings = {
				ALWAYS_EMBED_SWIFT_STANDARD_LIBRARIES = YES;
				CODE_SIGN_STYLE = Automatic;
				CURRENT_PROJECT_VERSION = 1;
				DEVELOPMENT_TEAM = 2AFG9UBT5A;
				GENERATE_INFOPLIST_FILE = YES;
				IPHONEOS_DEPLOYMENT_TARGET = 16.4;
				MARKETING_VERSION = 1.0;
				PRODUCT_BUNDLE_IDENTIFIER = "xd.toDoList--2023-SwiftUIUITests";
				PRODUCT_NAME = "$(TARGET_NAME)";
				SWIFT_EMIT_LOC_STRINGS = NO;
				SWIFT_VERSION = 5.0;
				TARGETED_DEVICE_FAMILY = "1,2";
				TEST_TARGET_NAME = "toDoList--2023-SwiftUI";
			};
			name = Release;
		};
/* End XCBuildConfiguration section */

/* Begin XCConfigurationList section */
		CA680E7F2A34B02B00B478CA /* Build configuration list for PBXProject "toDoList--2023" */ = {
			isa = XCConfigurationList;
			buildConfigurations = (
				CA680EAC2A34B02F00B478CA /* Debug */,
				CA680EAD2A34B02F00B478CA /* Release */,
			);
			defaultConfigurationIsVisible = 0;
			defaultConfigurationName = Release;
		};
		CA680EAE2A34B02F00B478CA /* Build configuration list for PBXNativeTarget "toDoList--2023" */ = {
			isa = XCConfigurationList;
			buildConfigurations = (
				CA680EAF2A34B02F00B478CA /* Debug */,
				CA680EB02A34B02F00B478CA /* Release */,
			);
			defaultConfigurationIsVisible = 0;
			defaultConfigurationName = Release;
		};
		CA680EB12A34B02F00B478CA /* Build configuration list for PBXNativeTarget "toDoList--2023Tests" */ = {
			isa = XCConfigurationList;
			buildConfigurations = (
				CA680EB22A34B02F00B478CA /* Debug */,
				CA680EB32A34B02F00B478CA /* Release */,
			);
			defaultConfigurationIsVisible = 0;
			defaultConfigurationName = Release;
		};
		CA680EB42A34B02F00B478CA /* Build configuration list for PBXNativeTarget "toDoList--2023UITests" */ = {
			isa = XCConfigurationList;
			buildConfigurations = (
				CA680EB52A34B02F00B478CA /* Debug */,
				CA680EB62A34B02F00B478CA /* Release */,
			);
			defaultConfigurationIsVisible = 0;
			defaultConfigurationName = Release;
		};
		CADEC58B2A6927840076267D /* Build configuration list for PBXNativeTarget "toDoList--2023-SwiftUI" */ = {
			isa = XCConfigurationList;
			buildConfigurations = (
				CADEC58C2A6927840076267D /* Debug */,
				CADEC58D2A6927840076267D /* Release */,
			);
			defaultConfigurationIsVisible = 0;
			defaultConfigurationName = Release;
		};
		CADEC58E2A6927840076267D /* Build configuration list for PBXNativeTarget "toDoList--2023-SwiftUITests" */ = {
			isa = XCConfigurationList;
			buildConfigurations = (
				CADEC58F2A6927840076267D /* Debug */,
				CADEC5902A6927840076267D /* Release */,
			);
			defaultConfigurationIsVisible = 0;
			defaultConfigurationName = Release;
		};
		CADEC5912A6927840076267D /* Build configuration list for PBXNativeTarget "toDoList--2023-SwiftUIUITests" */ = {
			isa = XCConfigurationList;
			buildConfigurations = (
				CADEC5922A6927840076267D /* Debug */,
				CADEC5932A6927840076267D /* Release */,
			);
			defaultConfigurationIsVisible = 0;
			defaultConfigurationName = Release;
		};
/* End XCConfigurationList section */

/* Begin XCRemoteSwiftPackageReference section */
		CADEC5522A5ED4B80076267D /* XCRemoteSwiftPackageReference "SQLite.swift" */ = {
			isa = XCRemoteSwiftPackageReference;
			repositoryURL = "https://github.com/stephencelis/SQLite.swift.git";
			requirement = {
				kind = upToNextMajorVersion;
				minimumVersion = 0.14.1;
			};
		};
/* End XCRemoteSwiftPackageReference section */

/* Begin XCSwiftPackageProductDependency section */
		CADEC5532A5ED4B80076267D /* SQLite */ = {
			isa = XCSwiftPackageProductDependency;
			package = CADEC5522A5ED4B80076267D /* XCRemoteSwiftPackageReference "SQLite.swift" */;
			productName = SQLite;
		};
/* End XCSwiftPackageProductDependency section */

/* Begin XCVersionGroup section */
		CADEC55F2A60430C0076267D /* CoreDataDatabase.xcdatamodeld */ = {
			isa = XCVersionGroup;
			children = (
				CADEC5602A60430C0076267D /* CoreDataDatabase.xcdatamodel */,
			);
			currentVersion = CADEC5602A60430C0076267D /* CoreDataDatabase.xcdatamodel */;
			path = CoreDataDatabase.xcdatamodeld;
			sourceTree = "<group>";
			versionGroupType = wrapper.xcdatamodel;
		};
/* End XCVersionGroup section */
	};
	rootObject = CA680E7C2A34B02B00B478CA /* Project object */;
}
